<?xml version="1.0" encoding="utf-8"?>
<Project ToolsVersion="4.0" xmlns="http://schemas.microsoft.com/developer/msbuild/2003">
  <ItemGroup>
    <Filter Include="Source Files">
      <UniqueIdentifier>{68e58f85-b58e-4eca-be1a-9f2da4f53505}</UniqueIdentifier>
      <Extensions>c;cxx;rc;def;r;odl;idl;hpj;bat</Extensions>
    </Filter>
    <Filter Include="Header Files">
      <UniqueIdentifier>{0d7ca803-ce85-4577-81b8-13bc3ff9b5a4}</UniqueIdentifier>
      <Extensions>hpp;hxx;hm;inl</Extensions>
    </Filter>
    <Filter Include="Resource Files">
      <UniqueIdentifier>{326047d4-74dc-4f94-a755-9acba04e2408}</UniqueIdentifier>
      <Extensions>ico;cur;bmp;dlg;rc2;rct;bin;rgs;gif;jpg;jpeg;jpe</Extensions>
    </Filter>
    <Filter Include="Node">
      <UniqueIdentifier>{be81539b-9c77-47b8-97b7-899073c1a8fc}</UniqueIdentifier>
    </Filter>
    <Filter Include="Element">
      <UniqueIdentifier>{122cd347-a5b6-43bb-b1ba-04a90502a9a5}</UniqueIdentifier>
    </Filter>
    <Filter Include="Boundary">
      <UniqueIdentifier>{18131c3e-55de-4f24-9b19-7508c65db432}</UniqueIdentifier>
    </Filter>
    <Filter Include="StaticLoad">
      <UniqueIdentifier>{b313530b-4748-41b0-add5-7326bcc0ba2b}</UniqueIdentifier>
    </Filter>
    <Filter Include="Struct">
      <UniqueIdentifier>{4ea12514-97d1-4cb4-9ce4-f947e20c174d}</UniqueIdentifier>
    </Filter>
    <Filter Include="Mass">
      <UniqueIdentifier>{5039ffee-7cbc-48a1-b950-833afd425061}</UniqueIdentifier>
    </Filter>
    <Filter Include="BarTreeMenu">
      <UniqueIdentifier>{fb3554bd-e64c-48c2-864d-1c0600870b34}</UniqueIdentifier>
    </Filter>
    <Filter Include="Settlement">
      <UniqueIdentifier>{e8c4bac6-4197-47ff-8fe1-9a456cae56c8}</UniqueIdentifier>
    </Filter>
    <Filter Include="Hydration">
      <UniqueIdentifier>{7a007287-f1df-4d87-bd7d-80e10df79d3b}</UniqueIdentifier>
    </Filter>
    <Filter Include="Resource">
      <UniqueIdentifier>{d47bfba8-dbde-42e1-829d-0fad91ddf9ca}</UniqueIdentifier>
    </Filter>
    <Filter Include="Mesh">
      <UniqueIdentifier>{2d6cb139-06b7-47e3-af72-0e1715ff365f}</UniqueIdentifier>
    </Filter>
    <Filter Include="TM_AMR">
      <UniqueIdentifier>{b19e1ee7-20c9-4899-b41d-6ce7404a5fee}</UniqueIdentifier>
    </Filter>
    <Filter Include="ChinaReportDrawTool">
      <UniqueIdentifier>{9486727a-f56d-40c1-a606-b49d66d72da3}</UniqueIdentifier>
    </Filter>
    <Filter Include="StaticLoad\WindPressure">
      <UniqueIdentifier>{e31206f1-6a33-4974-b63c-5df0460c7092}</UniqueIdentifier>
    </Filter>
    <Filter Include="StaticLoad\WindPressure\Beam">
      <UniqueIdentifier>{fc1d910f-a123-4095-8bd4-5d354fdfaa19}</UniqueIdentifier>
    </Filter>
    <Filter Include="StaticLoad\WindPressure\Area">
      <UniqueIdentifier>{cf214e00-24f5-4a19-9820-7685dd7165e5}</UniqueIdentifier>
    </Filter>
    <Filter Include="StaticLoad\WindPressure\Area\AreaCode">
      <UniqueIdentifier>{3483bf94-3f3f-49f9-9d2b-e9ee4c097021}</UniqueIdentifier>
    </Filter>
    <Filter Include="StaticLoad\WindPressure\Func">
      <UniqueIdentifier>{174fec73-06c3-4c08-a79d-0bcf1f4d9aeb}</UniqueIdentifier>
    </Filter>
    <Filter Include="StaticLoad\WindPressure\Nodal">
      <UniqueIdentifier>{589eb7b7-8fc8-4259-a905-12d660168c60}</UniqueIdentifier>
    </Filter>
    <Filter Include="StaticLoad\WindPressure\Nodal\NodalCode">
      <UniqueIdentifier>{4389129f-3ba9-4a81-90dd-3f7c9b908983}</UniqueIdentifier>
    </Filter>
    <Filter Include="Mushroom Construction">
      <UniqueIdentifier>{b792c7d6-a045-40f3-928b-d00befc7bd75}</UniqueIdentifier>
    </Filter>
    <Filter Include="ResponseDispLoad">
      <UniqueIdentifier>{4b2faa63-e2ce-438a-b6fe-4522f3039921}</UniqueIdentifier>
    </Filter>
    <Filter Include="Seismic Evaluation">
      <UniqueIdentifier>{5ce6d61a-a089-4698-b199-fd80038bc62f}</UniqueIdentifier>
    </Filter>
    <Filter Include="Report_Gen_CH">
      <UniqueIdentifier>{98ffde28-f3e2-447b-b271-23be04f4a485}</UniqueIdentifier>
    </Filter>
    <Filter Include="Seismic Civil">
      <UniqueIdentifier>{0dd08e2c-8d9f-4672-bcee-5483ecfaeb6e}</UniqueIdentifier>
    </Filter>
    <Filter Include="StaticLoad\Pressure Load">
      <UniqueIdentifier>{746088f6-15e2-4664-b8cf-001bf228219c}</UniqueIdentifier>
    </Filter>
    <Filter Include="High Temperature">
      <UniqueIdentifier>{5cdd26d8-c4ad-478c-ae5c-099b64cdd0d1}</UniqueIdentifier>
    </Filter>
    <Filter Include="StaticLoad\Fire">
      <UniqueIdentifier>{0674a1b0-bd01-477e-9520-2a2776743090}</UniqueIdentifier>
    </Filter>
    <Filter Include="StaticLoad\EarthPressure">
      <UniqueIdentifier>{dc1db2d3-514d-4078-ae50-951c17f2c94b}</UniqueIdentifier>
    </Filter>
    <Filter Include="StaticLoad\EarthPressure\Static">
      <UniqueIdentifier>{ed0323cd-45af-45b1-addd-e7e0c64861b7}</UniqueIdentifier>
    </Filter>
    <Filter Include="Seismic Performace Design">
      <UniqueIdentifier>{8d93fb91-b4a4-4c3a-860b-cf9a70309c90}</UniqueIdentifier>
    </Filter>
    <Filter Include="Seismic Civil JP">
      <UniqueIdentifier>{9696847d-b7b8-4872-ada4-ffed717ace4b}</UniqueIdentifier>
    </Filter>
    <Filter Include="Post Tension">
      <UniqueIdentifier>{c857f515-2483-4516-a836-cf9422cd62c6}</UniqueIdentifier>
    </Filter>
  </ItemGroup>
  <ItemGroup>
    <ClCompile Include="ColorEdit.cpp">
      <Filter>Source Files</Filter>
    </ClCompile>
    <ClCompile Include="CreateNodeElem.cpp">
      <Filter>Source Files</Filter>
    </ClCompile>
    <ClCompile Include="gsxbutton.cpp">
      <Filter>Source Files</Filter>
    </ClCompile>
    <ClCompile Include="StdAfx.cpp">
      <Filter>Source Files</Filter>
    </ClCompile>
    <ClCompile Include="TestView.cpp">
      <Filter>Source Files</Filter>
    </ClCompile>
    <ClCompile Include="wg_treemenu.cpp">
      <Filter>Source Files</Filter>
    </ClCompile>
    <ClCompile Include="NodeCompactDlg.cpp">
      <Filter>Node</Filter>
    </ClCompile>
    <ClCompile Include="NodeCreateDlg.cpp">
      <Filter>Node</Filter>
    </ClCompile>
    <ClCompile Include="NodeDeleteDlg.cpp">
      <Filter>Node</Filter>
    </ClCompile>
    <ClCompile Include="NodeDivideDlg.cpp">
      <Filter>Node</Filter>
    </ClCompile>
    <ClCompile Include="NodeMergeDlg.cpp">
      <Filter>Node</Filter>
    </ClCompile>
    <ClCompile Include="NodeMirrorDlg.cpp">
      <Filter>Node</Filter>
    </ClCompile>
    <ClCompile Include="NodeProjectDlg.cpp">
      <Filter>Node</Filter>
    </ClCompile>
    <ClCompile Include="NodeRenumberDlg.cpp">
      <Filter>Node</Filter>
    </ClCompile>
    <ClCompile Include="NodeRotateDlg.cpp">
      <Filter>Node</Filter>
    </ClCompile>
    <ClCompile Include="NodeScaleDlg.cpp">
      <Filter>Node</Filter>
    </ClCompile>
    <ClCompile Include="NodeTransDlg.cpp">
      <Filter>Node</Filter>
    </ClCompile>
    <ClCompile Include="ElemCompactDlg.cpp">
      <Filter>Element</Filter>
    </ClCompile>
    <ClCompile Include="ElemCreateConvLineDlg.cpp">
      <Filter>Element</Filter>
    </ClCompile>
    <ClCompile Include="ElemCreateDlg.cpp">
      <Filter>Element</Filter>
    </ClCompile>
    <ClCompile Include="ElemCurveDlg.cpp">
      <Filter>Element</Filter>
    </ClCompile>
    <ClCompile Include="ElemDeleteDlg.cpp">
      <Filter>Element</Filter>
    </ClCompile>
    <ClCompile Include="ElemDepMatChange.cpp">
      <Filter>Element</Filter>
    </ClCompile>
    <ClCompile Include="ElemDivideDlg.cpp">
      <Filter>Element</Filter>
    </ClCompile>
    <ClCompile Include="ElemEccenDlg.cpp">
      <Filter>Element</Filter>
    </ClCompile>
    <ClCompile Include="ElemExtrudeDlg.cpp">
      <Filter>Element</Filter>
    </ClCompile>
    <ClCompile Include="ElemExtrudeDlg2.cpp">
      <Filter>Element</Filter>
    </ClCompile>
    <ClCompile Include="ElemIntersectDlg.cpp">
      <Filter>Element</Filter>
    </ClCompile>
    <ClCompile Include="ElemMergeDlg.cpp">
      <Filter>Element</Filter>
    </ClCompile>
    <ClCompile Include="ElemMirrorDlg.cpp">
      <Filter>Element</Filter>
    </ClCompile>
    <ClCompile Include="ElemParamChangeDlg.cpp">
      <Filter>Element</Filter>
    </ClCompile>
    <ClCompile Include="ElemRenumberDlg.cpp">
      <Filter>Element</Filter>
    </ClCompile>
    <ClCompile Include="ElemRotateDlg.cpp">
      <Filter>Element</Filter>
    </ClCompile>
    <ClCompile Include="ElemTranslateDlg.cpp">
      <Filter>Element</Filter>
    </ClCompile>
    <ClCompile Include="ElemWallReduFactorDlg.cpp">
      <Filter>Element</Filter>
    </ClCompile>
    <ClCompile Include="TpscGroupDlg.cpp">
      <Filter>Element</Filter>
    </ClCompile>
    <ClCompile Include="TpsgConvertDlg.cpp">
      <Filter>Element</Filter>
    </ClCompile>
    <ClCompile Include="BndrCglpDlg.cpp">
      <Filter>Boundary</Filter>
    </ClCompile>
    <ClCompile Include="BndrCldrDlg.cpp">
      <Filter>Boundary</Filter>
    </ClCompile>
    <ClCompile Include="BndrConsDlg.cpp">
      <Filter>Boundary</Filter>
    </ClCompile>
    <ClCompile Include="BndrDrlsDlg.cpp">
      <Filter>Boundary</Filter>
    </ClCompile>
    <ClCompile Include="BndrElnkDlg.cpp">
      <Filter>Boundary</Filter>
    </ClCompile>
    <ClCompile Include="BndrElnkGrid.cpp">
      <Filter>Boundary</Filter>
    </ClCompile>
    <ClCompile Include="BndrEwsfDlg.cpp">
      <Filter>Boundary</Filter>
    </ClCompile>
    <ClCompile Include="BndrFrlsDlg.cpp">
      <Filter>Boundary</Filter>
    </ClCompile>
    <ClCompile Include="BndrIntegralAbut.cpp">
      <Filter>Boundary</Filter>
    </ClCompile>
    <ClCompile Include="BndrIntegralDlg.cpp">
      <Filter>Boundary</Filter>
    </ClCompile>
    <ClCompile Include="BndrIntegralPileDlg.cpp">
      <Filter>Boundary</Filter>
    </ClCompile>
    <ClCompile Include="BndrMconDlg.cpp">
      <Filter>Boundary</Filter>
    </ClCompile>
    <ClCompile Include="BndrMconGrid.cpp">
      <Filter>Boundary</Filter>
    </ClCompile>
    <ClCompile Include="BndrNLLinkDlg.cpp">
      <Filter>Boundary</Filter>
    </ClCompile>
    <ClCompile Include="BndrNsprDlg.cpp">
      <Filter>Boundary</Filter>
    </ClCompile>
    <ClCompile Include="BndrOffsDlg.cpp">
      <Filter>Boundary</Filter>
    </ClCompile>
    <ClCompile Include="BndrPrlsDlg.cpp">
      <Filter>Boundary</Filter>
    </ClCompile>
    <ClCompile Include="BndrRigdDlg.cpp">
      <Filter>Boundary</Filter>
    </ClCompile>
    <ClCompile Include="BndrSkewDlg.cpp">
      <Filter>Boundary</Filter>
    </ClCompile>
    <ClCompile Include="BndrSospDlg.cpp">
      <Filter>Boundary</Filter>
    </ClCompile>
    <ClCompile Include="BndrSospIntegral.cpp">
      <Filter>Boundary</Filter>
    </ClCompile>
    <ClCompile Include="BndrSospUserDlg.cpp">
      <Filter>Boundary</Filter>
    </ClCompile>
    <ClCompile Include="BndrSprsDlg.cpp">
      <Filter>Boundary</Filter>
    </ClCompile>
    <ClCompile Include="BndrSsprDlg.cpp">
      <Filter>Boundary</Filter>
    </ClCompile>
    <ClCompile Include="BndrStoryDlg.cpp">
      <Filter>Boundary</Filter>
    </ClCompile>
    <ClCompile Include="BndrStoryGroupGrid.cpp">
      <Filter>Boundary</Filter>
    </ClCompile>
    <ClCompile Include="BngrChangeDlg.cpp">
      <Filter>Boundary</Filter>
    </ClCompile>
    <ClCompile Include="LdgrChangeDlg.cpp">
      <Filter>StaticLoad</Filter>
    </ClCompile>
    <ClCompile Include="StldBmldDlg.cpp">
      <Filter>StaticLoad</Filter>
    </ClCompile>
    <ClCompile Include="StldBodfDlg.cpp">
      <Filter>StaticLoad</Filter>
    </ClCompile>
    <ClCompile Include="StldBtmpDlg.cpp">
      <Filter>StaticLoad</Filter>
    </ClCompile>
    <ClCompile Include="StldCnldDlg.cpp">
      <Filter>StaticLoad</Filter>
    </ClCompile>
    <ClCompile Include="StldCrpc.cpp">
      <Filter>StaticLoad</Filter>
    </ClCompile>
    <ClCompile Include="StldEtmpDlg.cpp">
      <Filter>StaticLoad</Filter>
    </ClCompile>
    <ClCompile Include="StldFbldDlg.cpp">
      <Filter>StaticLoad</Filter>
    </ClCompile>
    <ClCompile Include="StldFmldDlg.cpp">
      <Filter>StaticLoad</Filter>
    </ClCompile>
    <ClCompile Include="StldGtmpDlg.cpp">
      <Filter>StaticLoad</Filter>
    </ClCompile>
    <ClCompile Include="StldHprsDlg.cpp">
      <Filter>StaticLoad</Filter>
    </ClCompile>
    <ClCompile Include="StldIfgsDlg.cpp">
      <Filter>StaticLoad</Filter>
    </ClCompile>
    <ClCompile Include="StldLbldDlg.cpp">
      <Filter>StaticLoad</Filter>
    </ClCompile>
    <ClCompile Include="StldNbofDlg.cpp">
      <Filter>StaticLoad</Filter>
    </ClCompile>
    <ClCompile Include="StldNtmpDlg.cpp">
      <Filter>StaticLoad</Filter>
    </ClCompile>
    <ClCompile Include="StldPnldDlg.cpp">
      <Filter>StaticLoad</Filter>
    </ClCompile>
    <ClCompile Include="StldPnldUCSListDlg.cpp">
      <Filter>StaticLoad</Filter>
    </ClCompile>
    <ClCompile Include="StldPrstDlg.cpp">
      <Filter>StaticLoad</Filter>
    </ClCompile>
    <ClCompile Include="StldPrtsDlg.cpp">
      <Filter>StaticLoad</Filter>
    </ClCompile>
    <ClCompile Include="StldSdspDlg.cpp">
      <Filter>StaticLoad</Filter>
    </ClCompile>
    <ClCompile Include="StldSseiDlg.cpp">
      <Filter>StaticLoad</Filter>
    </ClCompile>
    <ClCompile Include="StldStmpDlg.cpp">
      <Filter>StaticLoad</Filter>
    </ClCompile>
    <ClCompile Include="StldSwibDlg.cpp">
      <Filter>StaticLoad</Filter>
    </ClCompile>
    <ClCompile Include="StldTbldDlg.cpp">
      <Filter>StaticLoad</Filter>
    </ClCompile>
    <ClCompile Include="StldTendonDlg.cpp">
      <Filter>StaticLoad</Filter>
    </ClCompile>
    <ClCompile Include="StldTendonProp.cpp">
      <Filter>StaticLoad</Filter>
    </ClCompile>
    <ClCompile Include="StldTendonPrst.cpp">
      <Filter>StaticLoad</Filter>
    </ClCompile>
    <ClCompile Include="StldTimeLoadsForCS.cpp">
      <Filter>StaticLoad</Filter>
    </ClCompile>
    <ClCompile Include="StructBndrDlg.cpp">
      <Filter>Struct</Filter>
    </ClCompile>
    <ClCompile Include="StructElementDlg.cpp">
      <Filter>Struct</Filter>
    </ClCompile>
    <ClCompile Include="StructHydrDlg.cpp">
      <Filter>Struct</Filter>
    </ClCompile>
    <ClCompile Include="StructMassDlg.cpp">
      <Filter>Struct</Filter>
    </ClCompile>
    <ClCompile Include="StructNodeDlg.cpp">
      <Filter>Struct</Filter>
    </ClCompile>
    <ClCompile Include="StructStldDlg.cpp">
      <Filter>Struct</Filter>
    </ClCompile>
    <ClCompile Include="StructSttlDlg.cpp">
      <Filter>Struct</Filter>
    </ClCompile>
    <ClCompile Include="StructTimeDepMatLinkDlg.cpp">
      <Filter>Struct</Filter>
    </ClCompile>
    <ClCompile Include="MassDmasDlg.cpp">
      <Filter>Mass</Filter>
    </ClCompile>
    <ClCompile Include="MassNmasDlg.cpp">
      <Filter>Mass</Filter>
    </ClCompile>
    <ClCompile Include="BarTreeMenu.cpp">
      <Filter>BarTreeMenu</Filter>
    </ClCompile>
    <ClCompile Include="BarTreeMenu2.cpp">
      <Filter>BarTreeMenu</Filter>
    </ClCompile>
    <ClCompile Include="SelectBndrTypeDlg.cpp">
      <Filter>BarTreeMenu</Filter>
    </ClCompile>
    <ClCompile Include="SelectLoadTypeDlg.cpp">
      <Filter>BarTreeMenu</Filter>
    </ClCompile>
    <ClCompile Include="TreeGroupCtrl.cpp">
      <Filter>BarTreeMenu</Filter>
    </ClCompile>
    <ClCompile Include="TreeGroupDlg.cpp">
      <Filter>BarTreeMenu</Filter>
    </ClCompile>
    <ClCompile Include="TreeJUDCtrl.cpp">
      <Filter>BarTreeMenu</Filter>
    </ClCompile>
    <ClCompile Include="TreeMenuCtrl.cpp">
      <Filter>BarTreeMenu</Filter>
    </ClCompile>
    <ClCompile Include="TreeReportCtrl.cpp">
      <Filter>BarTreeMenu</Filter>
    </ClCompile>
    <ClCompile Include="TreeTableCtrl.cpp">
      <Filter>BarTreeMenu</Filter>
    </ClCompile>
    <ClCompile Include="TreeWorkCtrl.cpp">
      <Filter>BarTreeMenu</Filter>
    </ClCompile>
    <ClCompile Include="SttlGroupDlg.cpp">
      <Filter>Settlement</Filter>
    </ClCompile>
    <ClCompile Include="SttlLoadCaseDlg.cpp">
      <Filter>Settlement</Filter>
    </ClCompile>
    <ClCompile Include="HydrConvectDlg.cpp">
      <Filter>Hydration</Filter>
    </ClCompile>
    <ClCompile Include="HydrHeatDlg.cpp">
      <Filter>Hydration</Filter>
    </ClCompile>
    <ClCompile Include="HydrMaterialDlg.cpp">
      <Filter>Hydration</Filter>
    </ClCompile>
    <ClCompile Include="HydrTemperDlg.cpp">
      <Filter>Hydration</Filter>
    </ClCompile>
    <ClCompile Include="HydrTimeDepMatDlg.cpp">
      <Filter>Hydration</Filter>
    </ClCompile>
    <ClCompile Include="MapMesh_4Point.cpp">
      <Filter>Mesh</Filter>
    </ClCompile>
    <ClCompile Include="MeshAutoDlg.cpp">
      <Filter>Mesh</Filter>
    </ClCompile>
    <ClCompile Include="MeshElemSubTypePlateDlg.cpp">
      <Filter>Mesh</Filter>
    </ClCompile>
    <ClCompile Include="MeshElemSubTypePlstDlg.cpp">
      <Filter>Mesh</Filter>
    </ClCompile>
    <ClCompile Include="MeshElemSubTypeWallDlg.cpp">
      <Filter>Mesh</Filter>
    </ClCompile>
    <ClCompile Include="MeshMapDlg.cpp">
      <Filter>Mesh</Filter>
    </ClCompile>
    <ClCompile Include="MeshMapKEDlg.cpp">
      <Filter>Mesh</Filter>
    </ClCompile>
    <ClCompile Include="StructMeshDlg.cpp">
      <Filter>Mesh</Filter>
    </ClCompile>
    <ClCompile Include="FontEdit.cpp">
      <Filter>TM_AMR</Filter>
    </ClCompile>
    <ClCompile Include="FontSettingDlg.cpp">
      <Filter>TM_AMR</Filter>
    </ClCompile>
    <ClCompile Include="FontSettingShadeDlg.cpp">
      <Filter>TM_AMR</Filter>
    </ClCompile>
    <ClCompile Include="LoadWordLib.cpp">
      <Filter>TM_AMR</Filter>
    </ClCompile>
    <ClCompile Include="PostDrawAdapter.cpp">
      <Filter>TM_AMR</Filter>
    </ClCompile>
    <ClCompile Include="ReportAutoRegeneration.cpp">
      <Filter>TM_AMR</Filter>
    </ClCompile>
    <ClCompile Include="ReportCommonFunc.cpp">
      <Filter>TM_AMR</Filter>
    </ClCompile>
    <ClCompile Include="ReportHeaderFooterDlg.cpp">
      <Filter>TM_AMR</Filter>
    </ClCompile>
    <ClCompile Include="ReportImageFileDlg.cpp">
      <Filter>TM_AMR</Filter>
    </ClCompile>
    <ClCompile Include="ReportProgressbarDlg.cpp">
      <Filter>TM_AMR</Filter>
    </ClCompile>
    <ClCompile Include="ReportRefDBDlg.cpp">
      <Filter>TM_AMR</Filter>
    </ClCompile>
    <ClCompile Include="ReportSetupDlg.cpp">
      <Filter>TM_AMR</Filter>
    </ClCompile>
    <ClCompile Include="ReportTableDlg.cpp">
      <Filter>TM_AMR</Filter>
    </ClCompile>
    <ClCompile Include="ReportTBTemplateDlg.cpp">
      <Filter>TM_AMR</Filter>
    </ClCompile>
    <ClCompile Include="ReportTreeText.cpp">
      <Filter>TM_AMR</Filter>
    </ClCompile>
    <ClCompile Include="ChinaReportDrawTool\BaseDrawCenter.cpp">
      <Filter>ChinaReportDrawTool</Filter>
    </ClCompile>
    <ClCompile Include="ChinaReportDrawTool\DrawAxis.cpp">
      <Filter>ChinaReportDrawTool</Filter>
    </ClCompile>
    <ClCompile Include="ChinaReportDrawTool\DrawCenter.cpp">
      <Filter>ChinaReportDrawTool</Filter>
    </ClCompile>
    <ClCompile Include="ChinaReportDrawTool\DrawDatas.cpp">
      <Filter>ChinaReportDrawTool</Filter>
    </ClCompile>
    <ClCompile Include="ChinaReportDrawTool\DrawLegend.cpp">
      <Filter>ChinaReportDrawTool</Filter>
    </ClCompile>
    <ClCompile Include="ChinaReportDrawTool\GDIPlusDrawer.cpp">
      <Filter>ChinaReportDrawTool</Filter>
    </ClCompile>
    <ClCompile Include="ChinaReportDrawTool\MGData.cpp">
      <Filter>ChinaReportDrawTool</Filter>
    </ClCompile>
    <ClCompile Include="MySEC3DTabWnd.cpp" />
    <ClCompile Include="BaseTreeCtrl.cpp">
      <Filter>BarTreeMenu</Filter>
    </ClCompile>
    <ClCompile Include="ElemCreateWallOpenDlg.cpp">
      <Filter>Element</Filter>
    </ClCompile>
    <ClCompile Include="StldCamberForCS.cpp" />
    <ClCompile Include="ReportUnitCustomizeDlg.cpp" />
    <ClCompile Include="StldWindPressureRootDlg.cpp">
      <Filter>StaticLoad\WindPressure</Filter>
    </ClCompile>
    <ClCompile Include="StldWindPressureBeamDlg.cpp">
      <Filter>StaticLoad\WindPressure\Beam</Filter>
    </ClCompile>
    <ClCompile Include="StldWindPressureBeamMgr.cpp">
      <Filter>StaticLoad\WindPressure\Beam</Filter>
    </ClCompile>
    <ClCompile Include="StldWindPressureAreaDlg_CH2001.cpp">
      <Filter>StaticLoad\WindPressure\Area\AreaCode</Filter>
    </ClCompile>
    <ClCompile Include="StldWindPressureAreaDlg_CH2001_PulsMag.cpp">
      <Filter>StaticLoad\WindPressure\Area\AreaCode</Filter>
    </ClCompile>
    <ClCompile Include="StldWindPressureAreaDlg_CH2012.cpp">
      <Filter>StaticLoad\WindPressure\Area\AreaCode</Filter>
    </ClCompile>
    <ClCompile Include="StldWindPressureAreaDlg_CH_Period.cpp">
      <Filter>StaticLoad\WindPressure\Area\AreaCode</Filter>
    </ClCompile>
    <ClCompile Include="StldWindPressureAreaDlg_KBC2009.cpp">
      <Filter>StaticLoad\WindPressure\Area\AreaCode</Filter>
    </ClCompile>
    <ClCompile Include="StldWindPressureAreaDlg_KBC2009_GustF.cpp">
      <Filter>StaticLoad\WindPressure\Area\AreaCode</Filter>
    </ClCompile>
    <ClCompile Include="StldWindPressureAreaDlg.cpp">
      <Filter>StaticLoad\WindPressure\Area</Filter>
    </ClCompile>
    <ClCompile Include="StldWindPressureAreaMgr.cpp">
      <Filter>StaticLoad\WindPressure\Area</Filter>
    </ClCompile>
    <ClCompile Include="StldWindPressureFuncDlg.cpp">
      <Filter>StaticLoad\WindPressure\Func</Filter>
    </ClCompile>
    <ClCompile Include="StldLaplDlg.cpp">
      <Filter>StaticLoad</Filter>
    </ClCompile>
    <ClCompile Include="StldWindPressureAreaDlg_CH2012_CrossTorsion.cpp">
      <Filter>StaticLoad\WindPressure\Area\AreaCode</Filter>
    </ClCompile>
    <ClCompile Include="StldWindPressureAreaDlg_KBC2009_FrcCoefAuto.cpp">
      <Filter>StaticLoad\WindPressure\Area\AreaCode</Filter>
    </ClCompile>
    <ClCompile Include="ServiceAgencyTreemenu.cpp" />
    <ClCompile Include="StldWindPressureNodalMgr.cpp">
      <Filter>StaticLoad\WindPressure\Nodal</Filter>
    </ClCompile>
    <ClCompile Include="StldWindPressureNodalDlg.cpp">
      <Filter>StaticLoad\WindPressure\Nodal</Filter>
    </ClCompile>
    <ClCompile Include="StldWindPressureNodalDlg_CH2001.cpp">
      <Filter>StaticLoad\WindPressure\Nodal\NodalCode</Filter>
    </ClCompile>
    <ClCompile Include="StldWindPressureNodalDlg_CH2012.cpp">
      <Filter>StaticLoad\WindPressure\Nodal\NodalCode</Filter>
    </ClCompile>
    <ClCompile Include="StldWindPressureNodalDlg_KBC2009.cpp">
      <Filter>StaticLoad\WindPressure\Nodal\NodalCode</Filter>
    </ClCompile>
    <ClCompile Include="StldWindPressureNodalDlg_StructureType.cpp">
      <Filter>StaticLoad\WindPressure\Nodal\NodalCode</Filter>
    </ClCompile>
    <ClCompile Include="ElemPlateReduFactorDlg.cpp">
      <Filter>Element</Filter>
    </ClCompile>
    <ClCompile Include="StructEBeamDlg.cpp">
      <Filter>Mushroom Construction</Filter>
    </ClCompile>
    <ClCompile Include="StructStripDlg.cpp">
      <Filter>Mushroom Construction</Filter>
    </ClCompile>
    <ClCompile Include="ElemEBeamCreateDlg.cpp">
      <Filter>Mushroom Construction</Filter>
    </ClCompile>
    <ClCompile Include="StripAssignDlg.cpp">
      <Filter>Mushroom Construction</Filter>
    </ClCompile>
    <ClCompile Include="StructColmCapDlg.cpp">
      <Filter>Mushroom Construction</Filter>
    </ClCompile>
    <ClCompile Include="StructDropPanelDlg.cpp">
      <Filter>Mushroom Construction</Filter>
    </ClCompile>
    <ClCompile Include="ColmCapAssignDlg.cpp">
      <Filter>Mushroom Construction</Filter>
    </ClCompile>
    <ClCompile Include="DropPanelAssignDlg.cpp">
      <Filter>Mushroom Construction</Filter>
    </ClCompile>
    <ClCompile Include="SectForResultantForceDlg.cpp">
      <Filter>Element</Filter>
    </ClCompile>
    <ClCompile Include="SectRForcGrid.cpp">
      <Filter>Element</Filter>
    </ClCompile>
    <ClCompile Include="SectRVbemGrid.cpp">
      <Filter>Element</Filter>
    </ClCompile>
    <ClCompile Include="ElemParamChangeRefVecDlg.cpp" />
    <ClCompile Include="ModifyColmLocDlg.cpp">
      <Filter>Mesh</Filter>
    </ClCompile>
    <ClCompile Include="ModifyColmLocPage.cpp">
      <Filter>Mesh</Filter>
    </ClCompile>
    <ClCompile Include="BndrNsprCalcDlg.cpp">
      <Filter>Boundary</Filter>
    </ClCompile>
    <ClCompile Include="BndrSsprCalcDlg.cpp">
      <Filter>Boundary</Filter>
    </ClCompile>
    <ClCompile Include="StldBtmpDefCodeProvDlg.cpp">
      <Filter>StaticLoad</Filter>
    </ClCompile>
    <ClCompile Include="StldBtmpDefCodeProvUtil.cpp">
      <Filter>StaticLoad</Filter>
    </ClCompile>
    <ClCompile Include="SlabShearReinforce.cpp">
      <Filter>Mesh</Filter>
    </ClCompile>
    <ClCompile Include="ElemParamSectOffsetDlg.cpp">
      <Filter>Element</Filter>
    </ClCompile>
    <ClCompile Include="StldWindPressureNodalDlg_KBC2016.cpp">
      <Filter>StaticLoad\WindPressure\Nodal\NodalCode</Filter>
    </ClCompile>
    <ClCompile Include="StldWindPressureAreaDlg_KBC2016.cpp">
      <Filter>StaticLoad\WindPressure\Area\AreaCode</Filter>
    </ClCompile>
    <ClCompile Include="StldWindPressureAreaDlg_KBC2016_FrcCoefAuto.cpp">
      <Filter>StaticLoad\WindPressure\Area\AreaCode</Filter>
    </ClCompile>
    <ClCompile Include="StldWindPressureVibrationDlg.cpp">
      <Filter>StaticLoad\WindPressure</Filter>
    </ClCompile>
    <ClCompile Include="StldWindPressureStructDlg.cpp">
      <Filter>StaticLoad\WindPressure</Filter>
    </ClCompile>
    <ClCompile Include="EffectStiffnessGenerate.cpp" />
    <ClCompile Include="EffectStiffness.cpp" />
    <ClCompile Include="ResponseDispLoadDlg.cpp">
      <Filter>ResponseDispLoad</Filter>
    </ClCompile>
    <ClCompile Include="ResponseDispLoadMode1Dlg.cpp">
      <Filter>ResponseDispLoad</Filter>
    </ClCompile>
    <ClCompile Include="ResponseDispLoadMode2Dlg.cpp">
      <Filter>ResponseDispLoad</Filter>
    </ClCompile>
    <ClCompile Include="ResponseDispLoadMode3Dlg.cpp">
      <Filter>ResponseDispLoad</Filter>
    </ClCompile>
    <ClCompile Include="ResponseDispLoadMode4Dlg.cpp">
      <Filter>ResponseDispLoad</Filter>
    </ClCompile>
    <ClCompile Include="SeisCommonDlg.cpp">
      <Filter>Seismic Evaluation</Filter>
    </ClCompile>
    <ClCompile Include="SeisCommonSechDlg.cpp">
      <Filter>Seismic Evaluation</Filter>
    </ClCompile>
    <ClCompile Include="SeisCommonSehkDlg.cpp">
      <Filter>Seismic Evaluation</Filter>
    </ClCompile>
    <ClCompile Include="TreeSeisCtrl.cpp">
      <Filter>BarTreeMenu</Filter>
    </ClCompile>
    <ClCompile Include="SeisCommonScmtDlg.cpp">
      <Filter>Seismic Evaluation</Filter>
    </ClCompile>
    <ClCompile Include="SeisRcMFactorDlg.cpp">
      <Filter>Seismic Evaluation</Filter>
    </ClCompile>
    <ClCompile Include="SeisMFactorDlg.cpp">
      <Filter>Seismic Evaluation</Filter>
    </ClCompile>
    <ClCompile Include="SeisStlMFactorDlg.cpp">
      <Filter>Seismic Evaluation</Filter>
    </ClCompile>
    <ClCompile Include="BndrIelcDlg.cpp">
      <Filter>Boundary</Filter>
    </ClCompile>
    <ClCompile Include="SeisInfillWallDlg.cpp">
      <Filter>Seismic Evaluation</Filter>
    </ClCompile>
    <ClCompile Include="SeisInfillWall_ReduceStiffDlg.cpp">
      <Filter>Seismic Evaluation</Filter>
    </ClCompile>
    <ClCompile Include="SeisInfillStrutAssignDlg.cpp">
      <Filter>Seismic Evaluation</Filter>
    </ClCompile>
    <ClCompile Include="AutoReport_Gen_CH.cpp">
      <Filter>Report_Gen_CH</Filter>
    </ClCompile>
    <ClCompile Include="AutoReport_Gen_Mgr.cpp">
      <Filter>Report_Gen_CH</Filter>
    </ClCompile>
    <ClCompile Include="AutoReport_Gen_CH_CD.cpp">
      <Filter>Report_Gen_CH</Filter>
    </ClCompile>
    <ClCompile Include="SeisCommonSerdDlg.cpp">
      <Filter>Seismic Evaluation</Filter>
    </ClCompile>
    <ClCompile Include="SeisMasonryMFactorDlg.cpp">
      <Filter>Seismic Evaluation</Filter>
    </ClCompile>
    <ClCompile Include="SeisCvlDlg.cpp">
      <Filter>Seismic Civil</Filter>
    </ClCompile>
    <ClCompile Include="SeisCvlEvalGrupDlg.cpp">
      <Filter>Seismic Civil</Filter>
    </ClCompile>
    <ClCompile Include="SeisCvlSectEffStiffDlg.cpp">
      <Filter>Seismic Civil</Filter>
    </ClCompile>
    <ClCompile Include="SeisCvlForceDirDlg.cpp">
      <Filter>Seismic Civil</Filter>
    </ClCompile>
    <ClCompile Include="SeisCvlForceDirGrid.cpp">
      <Filter>Seismic Civil</Filter>
    </ClCompile>
    <ClCompile Include="SeisCvlForceDirDlgDrawEditBtn.cpp">
      <Filter>Seismic Civil</Filter>
    </ClCompile>
    <ClCompile Include="SeisCvl1DElemContourUtil.cpp">
      <Filter>Seismic Civil</Filter>
    </ClCompile>
    <ClCompile Include="SeisCvlEvalParamDlg.cpp">
      <Filter>Seismic Civil</Filter>
    </ClCompile>
    <ClCompile Include="SeisCvlMiscDlg.cpp">
      <Filter>Seismic Civil</Filter>
    </ClCompile>
    <ClCompile Include="StldPresDlg.cpp">
      <Filter>StaticLoad\Pressure Load</Filter>
    </ClCompile>
    <ClCompile Include="StldPresDlg2.cpp">
      <Filter>StaticLoad\Pressure Load</Filter>
    </ClCompile>
    <ClCompile Include="StldPresAreaDlg.cpp">
      <Filter>StaticLoad\Pressure Load</Filter>
    </ClCompile>
    <ClCompile Include="SeisCommonRccmDlg.cpp">
      <Filter>Seismic Evaluation</Filter>
    </ClCompile>
    <ClCompile Include="SeisCommonPmcmDlg.cpp">
      <Filter>Seismic Evaluation</Filter>
    </ClCompile>
    <ClCompile Include="SeisXYFactorDlg.cpp">
      <Filter>Seismic Evaluation</Filter>
    </ClCompile>
    <ClCompile Include="MhtpMaterialDlg.cpp">
      <Filter>High Temperature</Filter>
    </ClCompile>
    <ClCompile Include="StructHighTemperatureMatLinkDlg.cpp">
      <Filter>Struct</Filter>
    </ClCompile>
    <ClCompile Include="SeisModifyXYFactorDlg.cpp">
      <Filter>Seismic Evaluation</Filter>
    </ClCompile>
    <ClCompile Include="StldFipaDlg.cpp">
      <Filter>StaticLoad\Fire</Filter>
    </ClCompile>
    <ClCompile Include="StldFireDlg.cpp">
      <Filter>StaticLoad\Fire</Filter>
    </ClCompile>
    <ClCompile Include="StldFssfDlg.cpp">
      <Filter>StaticLoad\Fire</Filter>
    </ClCompile>
    <ClCompile Include="TreeWorkCtrl2.cpp">
      <Filter>BarTreeMenu</Filter>
    </ClCompile>
    <ClCompile Include="StldStbkDlg.cpp">
      <Filter>StaticLoad</Filter>
    </ClCompile>
    <ClCompile Include="StldUlcbDlg.cpp" />
    <ClCompile Include="StldWindPressureAreaDlg_CH2019.cpp">
      <Filter>StaticLoad\WindPressure\Area\AreaCode</Filter>
    </ClCompile>
    <ClCompile Include="StldWindPressureAreaDlg_CH2019_CrossTorsion.cpp">
      <Filter>StaticLoad\WindPressure\Area\AreaCode</Filter>
    </ClCompile>
    <ClCompile Include="StldWindPressureNodalDlg_CH2019.cpp">
      <Filter>StaticLoad\WindPressure\Nodal\NodalCode</Filter>
    </ClCompile>
    <ClCompile Include="StldEarthPressureSeisDlg.cpp">
      <Filter>StaticLoad\EarthPressure</Filter>
    </ClCompile>
    <ClCompile Include="StldEarthPressureStaticDlg.cpp">
      <Filter>StaticLoad\EarthPressure\Static</Filter>
    </ClCompile>
    <ClCompile Include="ElemStiffScaleFactorDlg.cpp">
      <Filter>Element</Filter>
    </ClCompile>
    <ClCompile Include="StldPresQueryDlg.cpp">
      <Filter>StaticLoad\Pressure Load</Filter>
    </ClCompile>
    <ClCompile Include="StldWindPressureAreaDlg_KDS2021.cpp">
      <Filter>StaticLoad\WindPressure\Area\AreaCode</Filter>
    </ClCompile>
    <ClCompile Include="StldWindPressureNodalDlg_KDS2021.cpp">
      <Filter>StaticLoad\WindPressure\Nodal\NodalCode</Filter>
    </ClCompile>
    <ClCompile Include="StldWindPressureAreaDlg_KDS2021_GustF.cpp">
      <Filter>StaticLoad\WindPressure\Area\AreaCode</Filter>
    </ClCompile>
    <ClCompile Include="StldCnldTypeDlg.cpp">
      <Filter>StaticLoad</Filter>
    </ClCompile>
    <ClCompile Include="TreeNumDetTargetDlg.cpp" />
    <ClCompile Include="AutoReport_Gen_CH_STL.cpp">
      <Filter>Report_Gen_CH</Filter>
    </ClCompile>
    <ClCompile Include="AutoReport_Gen_CH_POOL.cpp">
      <Filter>Report_Gen_CH</Filter>
    </ClCompile>
    <ClCompile Include="AutoReport_Gen_CH_SUBWAY.cpp">
      <Filter>Report_Gen_CH</Filter>
    </ClCompile>
    <ClCompile Include="AutoReport_Gen_CH_PIPE.cpp">
      <Filter>Report_Gen_CH</Filter>
    </ClCompile>
    <ClCompile Include="BndrReltDlg.cpp">
      <Filter>Boundary</Filter>
    </ClCompile>
    <ClCompile Include="LinkRenumberDlg.cpp">
      <Filter>Boundary</Filter>
    </ClCompile>
    <ClCompile Include="AutoReport_Gen_CH_ISGB.cpp">
      <Filter>Report_Gen_CH</Filter>
    </ClCompile>
    <ClCompile Include="SeisCommonSebeDlg.cpp">
      <Filter>Seismic Performace Design</Filter>
    </ClCompile>
    <ClCompile Include="SeisCommonHlfwDlg.cpp">
      <Filter>Seismic Performace Design</Filter>
    </ClCompile>
    <ClCompile Include="SeisCommonSecoDlg.cpp">
      <Filter>Seismic Performace Design</Filter>
    </ClCompile>
    <ClCompile Include="SeisCommonSespDlg.cpp">
      <Filter>Seismic Performace Design</Filter>
    </ClCompile>
    <ClCompile Include="SeisCommonSewaDlg.cpp">
      <Filter>Seismic Performace Design</Filter>
    </ClCompile>
    <ClCompile Include="StldWindPressureAreaDlg_ASCE7_16.cpp">
      <Filter>StaticLoad\WindPressure\Area\AreaCode</Filter>
    </ClCompile>
    <ClCompile Include="StldWindPressureNodalDlg_ASCE7_16.cpp">
      <Filter>StaticLoad\WindPressure\Nodal\NodalCode</Filter>
    </ClCompile>
    <ClCompile Include="StldWindPressureAreaDlg_ASCE7_16_GustF.cpp">
      <Filter>StaticLoad\WindPressure\Area\AreaCode</Filter>
    </ClCompile>
    <ClCompile Include="StldPtmpDlg.cpp">
      <Filter>StaticLoad</Filter>
    </ClCompile>
    <ClCompile Include="AutoReport_Gen_CH_DMGB.cpp">
      <Filter>Report_Gen_CH</Filter>
    </ClCompile>
    <ClCompile Include="StringDeepCopyCollector.cpp">
      <Filter>TM_AMR</Filter>
    </ClCompile>
    <ClCompile Include="TreeWorkCtrlNew.cpp">
      <Filter>BarTreeMenu</Filter>
    </ClCompile>
    <ClCompile Include="TreeWorkCtrlNew2.cpp">
      <Filter>BarTreeMenu</Filter>
    </ClCompile>
    <ClCompile Include="SeisCvlJpSetTargetDlg.cpp">
      <Filter>Seismic Civil JP</Filter>
    </ClCompile>
    <ClCompile Include="SeisCvlJpSetTargetUpperDlg.cpp">
      <Filter>Seismic Civil JP</Filter>
    </ClCompile>
    <ClCompile Include="BaseDockingView.cpp" />
    <ClCompile Include="SeisCvlJpSetTargetLowerDlg.cpp">
      <Filter>Seismic Civil JP</Filter>
    </ClCompile>
    <ClCompile Include="SeisCvlJpSetTargetUserDlg.cpp">
      <Filter>Seismic Civil JP</Filter>
    </ClCompile>
    <ClCompile Include="SeisCvlJpSetInvestDlg.cpp">
      <Filter>Seismic Civil JP</Filter>
    </ClCompile>
    <ClCompile Include="SeisCvlJpSetInvestSimdDlg.cpp">
      <Filter>Seismic Civil JP</Filter>
    </ClCompile>
    <ClCompile Include="SeisCvlJpSetInvestSirdDlg.cpp">
      <Filter>Seismic Civil JP</Filter>
    </ClCompile>
    <ClCompile Include="SeisCvlJpSetInvestSibdDlg.cpp">
      <Filter>Seismic Civil JP</Filter>
    </ClCompile>
    <ClCompile Include="SeisCvlJpSetInvestSidpDlg.cpp">
      <Filter>Seismic Civil JP</Filter>
    </ClCompile>
    <ClCompile Include="SeisCvlJpSetInvestSisrDlg.cpp">
      <Filter>Seismic Civil JP</Filter>
    </ClCompile>
    <ClCompile Include="SeisCvlJpSetInvestSietDlg.cpp">
      <Filter>Seismic Civil JP</Filter>
    </ClCompile>
    <ClCompile Include="AutoReport_Gen_CH_APPRAISAL_Civil.cpp">
      <Filter>Report_Gen_CH</Filter>
    </ClCompile>
    <ClCompile Include="AutoReport_Gen_CH_APPRAISAL_Industry.cpp">
      <Filter>Report_Gen_CH</Filter>
    </ClCompile>
    <ClCompile Include="AutoReport_Gen_CH_REINFORCE.cpp">
      <Filter>Report_Gen_CH</Filter>
    </ClCompile>
    <ClCompile Include="PostTensionDrawTendonLineBeamDlg.cpp">
      <Filter>Post Tension</Filter>
    </ClCompile>
    <ClCompile Include="PostTensionDrawTendonLineDlg.cpp">
      <Filter>Post Tension</Filter>
    </ClCompile>
    <ClCompile Include="PostTensionTendonElemDeleteDlg.cpp">
      <Filter>Post Tension</Filter>
    </ClCompile>
    <ClCompile Include="PostTensionTendonElemRenumberDlg.cpp">
      <Filter>Post Tension</Filter>
    </ClCompile>
    <ClCompile Include="PostTensionTendonElemTranslateDlg.cpp">
      <Filter>Post Tension</Filter>
    </ClCompile>
    <ClCompile Include="PostTensionDrawTendonLineSlabDlg.cpp">
      <Filter>Post Tension</Filter>
    </ClCompile>
    <ClCompile Include="DesignStripAutoGenDlg.cpp">
      <Filter>Post Tension</Filter>
    </ClCompile>
    <ClCompile Include="DesignStripCreateDlg.cpp">
      <Filter>Post Tension</Filter>
    </ClCompile>
    <ClCompile Include="PostTensionDesignStripDlg.cpp">
      <Filter>Post Tension</Filter>
    </ClCompile>
    <ClCompile Include="PostTensionTendonProfileMatchDlg.cpp">
      <Filter>Post Tension</Filter>
    </ClCompile>
    <ClCompile Include="PostTensionTendonProfileDlg.cpp">
      <Filter>Post Tension</Filter>
    </ClCompile>
    <ClCompile Include="SeisSigrLowerAutoDlg.cpp">
      <Filter>Seismic Civil JP</Filter>
    </ClCompile>
    <ClCompile Include="SeisCvlJpSetInvestSimdDlg_H29.cpp">
      <Filter>Seismic Civil JP</Filter>
    </ClCompile>
    <ClCompile Include="SeisCvlJpSetInvestSimdDlg_H14.cpp">
      <Filter>Seismic Civil JP</Filter>
    </ClCompile>
    <ClCompile Include="SeisCvlJpSetInvestSimdDlg_H24.cpp">
      <Filter>Seismic Civil JP</Filter>
    </ClCompile>
    <ClCompile Include="StldWindPressureAreaDlg_IS875_2015.cpp">
      <Filter>StaticLoad\WindPressure\Area\AreaCode</Filter>
    </ClCompile>
    <ClCompile Include="StldWindPressureNodalDlg_IS875_2015.cpp">
      <Filter>StaticLoad\WindPressure\Nodal\NodalCode</Filter>
    </ClCompile>
    <ClCompile Include="SeisCvlJpSetInvestMethodTimeGrid.cpp">
      <Filter>Seismic Civil JP</Filter>
    </ClCompile>
    <ClCompile Include="SupportLineCreateDlg.cpp" />
    <ClCompile Include="DesignStripModifySectionDlg.cpp" />
  </ItemGroup>
  <ItemGroup>
    <ClInclude Include="ColorEdit.h">
      <Filter>Header Files</Filter>
    </ClInclude>
    <ClInclude Include="CreateNodeElem.h">
      <Filter>Header Files</Filter>
    </ClInclude>
    <ClInclude Include="gsxbutton.h">
      <Filter>Header Files</Filter>
    </ClInclude>
    <ClInclude Include="HeaderPost.h">
      <Filter>Header Files</Filter>
    </ClInclude>
    <ClInclude Include="HeaderPre.h">
      <Filter>Header Files</Filter>
    </ClInclude>
    <ClInclude Include="ProjInfo.h">
      <Filter>Header Files</Filter>
    </ClInclude>
    <ClInclude Include="StdAfx.h">
      <Filter>Header Files</Filter>
    </ClInclude>
    <ClInclude Include="TestView.h">
      <Filter>Header Files</Filter>
    </ClInclude>
    <ClInclude Include="wg_treemenu.h">
      <Filter>Header Files</Filter>
    </ClInclude>
    <ClInclude Include="wg_treemenuAll.h">
      <Filter>Header Files</Filter>
    </ClInclude>
    <ClInclude Include="wg_treemenuVer.h">
      <Filter>Header Files</Filter>
    </ClInclude>
    <ClInclude Include="NodeCompactDlg.h">
      <Filter>Node</Filter>
    </ClInclude>
    <ClInclude Include="NodeCreateDlg.h">
      <Filter>Node</Filter>
    </ClInclude>
    <ClInclude Include="NodeDeleteDlg.h">
      <Filter>Node</Filter>
    </ClInclude>
    <ClInclude Include="NodeDivideDlg.h">
      <Filter>Node</Filter>
    </ClInclude>
    <ClInclude Include="NodeMergeDlg.h">
      <Filter>Node</Filter>
    </ClInclude>
    <ClInclude Include="NodeMirrorDlg.h">
      <Filter>Node</Filter>
    </ClInclude>
    <ClInclude Include="NodeProjectDlg.h">
      <Filter>Node</Filter>
    </ClInclude>
    <ClInclude Include="NodeRenumberDlg.h">
      <Filter>Node</Filter>
    </ClInclude>
    <ClInclude Include="NodeRotateDlg.h">
      <Filter>Node</Filter>
    </ClInclude>
    <ClInclude Include="NodeScaleDlg.h">
      <Filter>Node</Filter>
    </ClInclude>
    <ClInclude Include="NodeTransDlg.h">
      <Filter>Node</Filter>
    </ClInclude>
    <ClInclude Include="ElemCompactDlg.h">
      <Filter>Element</Filter>
    </ClInclude>
    <ClInclude Include="ElemCreateConvLineDlg.h">
      <Filter>Element</Filter>
    </ClInclude>
    <ClInclude Include="ElemCreateDlg.h">
      <Filter>Element</Filter>
    </ClInclude>
    <ClInclude Include="ElemCurveDlg.h">
      <Filter>Element</Filter>
    </ClInclude>
    <ClInclude Include="ElemDeleteDlg.h">
      <Filter>Element</Filter>
    </ClInclude>
    <ClInclude Include="ElemDepMatChange.h">
      <Filter>Element</Filter>
    </ClInclude>
    <ClInclude Include="ElemDivideDlg.h">
      <Filter>Element</Filter>
    </ClInclude>
    <ClInclude Include="ElemEccenDlg.h">
      <Filter>Element</Filter>
    </ClInclude>
    <ClInclude Include="ElemExtrudeDlg.h">
      <Filter>Element</Filter>
    </ClInclude>
    <ClInclude Include="ElemExtrudeDlg2.h">
      <Filter>Element</Filter>
    </ClInclude>
    <ClInclude Include="ElemIntersectDlg.h">
      <Filter>Element</Filter>
    </ClInclude>
    <ClInclude Include="ElemMergeDlg.h">
      <Filter>Element</Filter>
    </ClInclude>
    <ClInclude Include="ElemMirrorDlg.h">
      <Filter>Element</Filter>
    </ClInclude>
    <ClInclude Include="ElemParamChangeDlg.h">
      <Filter>Element</Filter>
    </ClInclude>
    <ClInclude Include="ElemRenumberDlg.h">
      <Filter>Element</Filter>
    </ClInclude>
    <ClInclude Include="ElemRotateDlg.h">
      <Filter>Element</Filter>
    </ClInclude>
    <ClInclude Include="ElemTranslateDlg.h">
      <Filter>Element</Filter>
    </ClInclude>
    <ClInclude Include="ElemWallReduFactorDlg.h">
      <Filter>Element</Filter>
    </ClInclude>
    <ClInclude Include="TpscGroupDlg.h">
      <Filter>Element</Filter>
    </ClInclude>
    <ClInclude Include="TpsgConvertDlg.h">
      <Filter>Element</Filter>
    </ClInclude>
    <ClInclude Include="BndrCglpDlg.h">
      <Filter>Boundary</Filter>
    </ClInclude>
    <ClInclude Include="BndrCldrDlg.h">
      <Filter>Boundary</Filter>
    </ClInclude>
    <ClInclude Include="BndrConsDlg.h">
      <Filter>Boundary</Filter>
    </ClInclude>
    <ClInclude Include="BndrDrlsDlg.h">
      <Filter>Boundary</Filter>
    </ClInclude>
    <ClInclude Include="BndrElnkDlg.h">
      <Filter>Boundary</Filter>
    </ClInclude>
    <ClInclude Include="BndrElnkGrid.h">
      <Filter>Boundary</Filter>
    </ClInclude>
    <ClInclude Include="BndrEwsfDlg.h">
      <Filter>Boundary</Filter>
    </ClInclude>
    <ClInclude Include="BndrFrlsDlg.h">
      <Filter>Boundary</Filter>
    </ClInclude>
    <ClInclude Include="BndrIntegralAbut.h">
      <Filter>Boundary</Filter>
    </ClInclude>
    <ClInclude Include="BndrIntegralDlg.h">
      <Filter>Boundary</Filter>
    </ClInclude>
    <ClInclude Include="BndrIntegralPileDlg.h">
      <Filter>Boundary</Filter>
    </ClInclude>
    <ClInclude Include="BndrMconDlg.h">
      <Filter>Boundary</Filter>
    </ClInclude>
    <ClInclude Include="BndrMconGrid.h">
      <Filter>Boundary</Filter>
    </ClInclude>
    <ClInclude Include="BndrNLLinkDlg.h">
      <Filter>Boundary</Filter>
    </ClInclude>
    <ClInclude Include="BndrNsprDlg.h">
      <Filter>Boundary</Filter>
    </ClInclude>
    <ClInclude Include="BndrOffsDlg.h">
      <Filter>Boundary</Filter>
    </ClInclude>
    <ClInclude Include="BndrPrlsDlg.h">
      <Filter>Boundary</Filter>
    </ClInclude>
    <ClInclude Include="BndrRigdDlg.h">
      <Filter>Boundary</Filter>
    </ClInclude>
    <ClInclude Include="BndrSkewDlg.h">
      <Filter>Boundary</Filter>
    </ClInclude>
    <ClInclude Include="BndrSospDlg.h">
      <Filter>Boundary</Filter>
    </ClInclude>
    <ClInclude Include="BndrSospIntegral.h">
      <Filter>Boundary</Filter>
    </ClInclude>
    <ClInclude Include="BndrSospUserDlg.h">
      <Filter>Boundary</Filter>
    </ClInclude>
    <ClInclude Include="BndrSprsDlg.h">
      <Filter>Boundary</Filter>
    </ClInclude>
    <ClInclude Include="BndrSsprDlg.h">
      <Filter>Boundary</Filter>
    </ClInclude>
    <ClInclude Include="BndrStoryDlg.h">
      <Filter>Boundary</Filter>
    </ClInclude>
    <ClInclude Include="BndrStoryGroupGrid.h">
      <Filter>Boundary</Filter>
    </ClInclude>
    <ClInclude Include="BngrChangeDlg.h">
      <Filter>Boundary</Filter>
    </ClInclude>
    <ClInclude Include="LdgrChangeDlg.h">
      <Filter>StaticLoad</Filter>
    </ClInclude>
    <ClInclude Include="StldBmldDlg.h">
      <Filter>StaticLoad</Filter>
    </ClInclude>
    <ClInclude Include="StldBodfDlg.h">
      <Filter>StaticLoad</Filter>
    </ClInclude>
    <ClInclude Include="StldBtmpDlg.h">
      <Filter>StaticLoad</Filter>
    </ClInclude>
    <ClInclude Include="StldCnldDlg.h">
      <Filter>StaticLoad</Filter>
    </ClInclude>
    <ClInclude Include="StldCrpc.h">
      <Filter>StaticLoad</Filter>
    </ClInclude>
    <ClInclude Include="StldEtmpDlg.h">
      <Filter>StaticLoad</Filter>
    </ClInclude>
    <ClInclude Include="StldFbldDlg.h">
      <Filter>StaticLoad</Filter>
    </ClInclude>
    <ClInclude Include="StldFmldDlg.h">
      <Filter>StaticLoad</Filter>
    </ClInclude>
    <ClInclude Include="StldGtmpDlg.h">
      <Filter>StaticLoad</Filter>
    </ClInclude>
    <ClInclude Include="StldHprsDlg.h">
      <Filter>StaticLoad</Filter>
    </ClInclude>
    <ClInclude Include="StldIfgsDlg.h">
      <Filter>StaticLoad</Filter>
    </ClInclude>
    <ClInclude Include="StldLbldDlg.h">
      <Filter>StaticLoad</Filter>
    </ClInclude>
    <ClInclude Include="StldNbofDlg.h">
      <Filter>StaticLoad</Filter>
    </ClInclude>
    <ClInclude Include="StldNtmpDlg.h">
      <Filter>StaticLoad</Filter>
    </ClInclude>
    <ClInclude Include="StldPnldDlg.h">
      <Filter>StaticLoad</Filter>
    </ClInclude>
    <ClInclude Include="StldPnldUCSListDlg.h">
      <Filter>StaticLoad</Filter>
    </ClInclude>
    <ClInclude Include="StldPrstDlg.h">
      <Filter>StaticLoad</Filter>
    </ClInclude>
    <ClInclude Include="StldPrtsDlg.h">
      <Filter>StaticLoad</Filter>
    </ClInclude>
    <ClInclude Include="StldSdspDlg.h">
      <Filter>StaticLoad</Filter>
    </ClInclude>
    <ClInclude Include="StldSseiDlg.h">
      <Filter>StaticLoad</Filter>
    </ClInclude>
    <ClInclude Include="StldStmpDlg.h">
      <Filter>StaticLoad</Filter>
    </ClInclude>
    <ClInclude Include="StldSwibDlg.h">
      <Filter>StaticLoad</Filter>
    </ClInclude>
    <ClInclude Include="StldTbldDlg.h">
      <Filter>StaticLoad</Filter>
    </ClInclude>
    <ClInclude Include="StldTendonDlg.h">
      <Filter>StaticLoad</Filter>
    </ClInclude>
    <ClInclude Include="StldTendonProp.h">
      <Filter>StaticLoad</Filter>
    </ClInclude>
    <ClInclude Include="StldTendonPrst.h">
      <Filter>StaticLoad</Filter>
    </ClInclude>
    <ClInclude Include="StldTimeLoadsForCS.h">
      <Filter>StaticLoad</Filter>
    </ClInclude>
    <ClInclude Include="StructBndrDlg.h">
      <Filter>Struct</Filter>
    </ClInclude>
    <ClInclude Include="StructElementDlg.h">
      <Filter>Struct</Filter>
    </ClInclude>
    <ClInclude Include="StructHydrDlg.h">
      <Filter>Struct</Filter>
    </ClInclude>
    <ClInclude Include="StructMassDlg.h">
      <Filter>Struct</Filter>
    </ClInclude>
    <ClInclude Include="StructNodeDlg.h">
      <Filter>Struct</Filter>
    </ClInclude>
    <ClInclude Include="StructStldDlg.h">
      <Filter>Struct</Filter>
    </ClInclude>
    <ClInclude Include="StructSttlDlg.h">
      <Filter>Struct</Filter>
    </ClInclude>
    <ClInclude Include="StructTimeDepMatLinkDlg.h">
      <Filter>Struct</Filter>
    </ClInclude>
    <ClInclude Include="MassDmasDlg.h">
      <Filter>Mass</Filter>
    </ClInclude>
    <ClInclude Include="MassNmasDlg.h">
      <Filter>Mass</Filter>
    </ClInclude>
    <ClInclude Include="BarTreeMenu.h">
      <Filter>BarTreeMenu</Filter>
    </ClInclude>
    <ClInclude Include="BarTreeMenu2.h">
      <Filter>BarTreeMenu</Filter>
    </ClInclude>
    <ClInclude Include="SelectBndrTypeDlg.h">
      <Filter>BarTreeMenu</Filter>
    </ClInclude>
    <ClInclude Include="SelectLoadTypeDlg.h">
      <Filter>BarTreeMenu</Filter>
    </ClInclude>
    <ClInclude Include="TreeGroupCtrl.h">
      <Filter>BarTreeMenu</Filter>
    </ClInclude>
    <ClInclude Include="TreeGroupDlg.h">
      <Filter>BarTreeMenu</Filter>
    </ClInclude>
    <ClInclude Include="TreeJUDCtrl.h">
      <Filter>BarTreeMenu</Filter>
    </ClInclude>
    <ClInclude Include="TreeMenuCtrl.h">
      <Filter>BarTreeMenu</Filter>
    </ClInclude>
    <ClInclude Include="TreeReportCtrl.h">
      <Filter>BarTreeMenu</Filter>
    </ClInclude>
    <ClInclude Include="TreeTableCtrl.h">
      <Filter>BarTreeMenu</Filter>
    </ClInclude>
    <ClInclude Include="TreeWorkCtrl.h">
      <Filter>BarTreeMenu</Filter>
    </ClInclude>
    <ClInclude Include="TreeWorkDefine.h">
      <Filter>BarTreeMenu</Filter>
    </ClInclude>
    <ClInclude Include="SttlGroupDlg.h">
      <Filter>Settlement</Filter>
    </ClInclude>
    <ClInclude Include="SttlLoadCaseDlg.h">
      <Filter>Settlement</Filter>
    </ClInclude>
    <ClInclude Include="HydrConvectDlg.h">
      <Filter>Hydration</Filter>
    </ClInclude>
    <ClInclude Include="HydrHeatDlg.h">
      <Filter>Hydration</Filter>
    </ClInclude>
    <ClInclude Include="HydrMaterialDlg.h">
      <Filter>Hydration</Filter>
    </ClInclude>
    <ClInclude Include="HydrTemperDlg.h">
      <Filter>Hydration</Filter>
    </ClInclude>
    <ClInclude Include="HydrTimeDepMatDlg.h">
      <Filter>Hydration</Filter>
    </ClInclude>
    <ClInclude Include="wg_treemenuRes.h">
      <Filter>Resource</Filter>
    </ClInclude>
    <ClInclude Include="wg_treemenuRes2.h">
      <Filter>Resource</Filter>
    </ClInclude>
    <ClInclude Include="MapMesh_4Point.h">
      <Filter>Mesh</Filter>
    </ClInclude>
    <ClInclude Include="MeshAutoDlg.h">
      <Filter>Mesh</Filter>
    </ClInclude>
    <ClInclude Include="MeshElemSubTypePlateDlg.h">
      <Filter>Mesh</Filter>
    </ClInclude>
    <ClInclude Include="MeshElemSubTypePlstDlg.h">
      <Filter>Mesh</Filter>
    </ClInclude>
    <ClInclude Include="MeshElemSubTypeWallDlg.h">
      <Filter>Mesh</Filter>
    </ClInclude>
    <ClInclude Include="MeshMapDlg.h">
      <Filter>Mesh</Filter>
    </ClInclude>
    <ClInclude Include="MeshMapKEDlg.h">
      <Filter>Mesh</Filter>
    </ClInclude>
    <ClInclude Include="StructMeshDlg.h">
      <Filter>Mesh</Filter>
    </ClInclude>
    <ClInclude Include="FontEdit.h">
      <Filter>TM_AMR</Filter>
    </ClInclude>
    <ClInclude Include="FontSettingDlg.h">
      <Filter>TM_AMR</Filter>
    </ClInclude>
    <ClInclude Include="FontSettingShadeDlg.h">
      <Filter>TM_AMR</Filter>
    </ClInclude>
    <ClInclude Include="LoadWordLib.h">
      <Filter>TM_AMR</Filter>
    </ClInclude>
    <ClInclude Include="PostDrawAdapter.h">
      <Filter>TM_AMR</Filter>
    </ClInclude>
    <ClInclude Include="ReportAutoRegeneration.h">
      <Filter>TM_AMR</Filter>
    </ClInclude>
    <ClInclude Include="ReportCommonFunc.h">
      <Filter>TM_AMR</Filter>
    </ClInclude>
    <ClInclude Include="ReportDefine.h">
      <Filter>TM_AMR</Filter>
    </ClInclude>
    <ClInclude Include="ReportHeaderFooterDlg.h">
      <Filter>TM_AMR</Filter>
    </ClInclude>
    <ClInclude Include="ReportImageFileDlg.h">
      <Filter>TM_AMR</Filter>
    </ClInclude>
    <ClInclude Include="ReportProgressbarDlg.h">
      <Filter>TM_AMR</Filter>
    </ClInclude>
    <ClInclude Include="ReportRefDBDlg.h">
      <Filter>TM_AMR</Filter>
    </ClInclude>
    <ClInclude Include="ReportSetupDlg.h">
      <Filter>TM_AMR</Filter>
    </ClInclude>
    <ClInclude Include="ReportTableDlg.h">
      <Filter>TM_AMR</Filter>
    </ClInclude>
    <ClInclude Include="ReportTBTemplateDlg.h">
      <Filter>TM_AMR</Filter>
    </ClInclude>
    <ClInclude Include="ReportTreeText.h">
      <Filter>TM_AMR</Filter>
    </ClInclude>
    <ClInclude Include="ChinaReportDrawTool\BaseDrawCenter.h">
      <Filter>ChinaReportDrawTool</Filter>
    </ClInclude>
    <ClInclude Include="ChinaReportDrawTool\DrawAxis.h">
      <Filter>ChinaReportDrawTool</Filter>
    </ClInclude>
    <ClInclude Include="ChinaReportDrawTool\DrawCenter.h">
      <Filter>ChinaReportDrawTool</Filter>
    </ClInclude>
    <ClInclude Include="ChinaReportDrawTool\DrawDatas.h">
      <Filter>ChinaReportDrawTool</Filter>
    </ClInclude>
    <ClInclude Include="ChinaReportDrawTool\DrawLegend.h">
      <Filter>ChinaReportDrawTool</Filter>
    </ClInclude>
    <ClInclude Include="ChinaReportDrawTool\GDIPlusDrawer.h">
      <Filter>ChinaReportDrawTool</Filter>
    </ClInclude>
    <ClInclude Include="ChinaReportDrawTool\MGData.h">
      <Filter>ChinaReportDrawTool</Filter>
    </ClInclude>
    <ClInclude Include="MySEC3DTabWnd.h" />
    <ClInclude Include="BaseTreeCtrl.h">
      <Filter>BarTreeMenu</Filter>
    </ClInclude>
    <ClInclude Include="ElemCreateWallOpenDlg.h">
      <Filter>Element</Filter>
    </ClInclude>
    <ClInclude Include="StldCamberForCS.h" />
    <ClInclude Include="ReportUnitCustomizeDlg.h" />
    <ClInclude Include="StldWindPressureRootDlg.h">
      <Filter>StaticLoad\WindPressure</Filter>
    </ClInclude>
    <ClInclude Include="StldWindPressureBeamDlg.h">
      <Filter>StaticLoad\WindPressure\Beam</Filter>
    </ClInclude>
    <ClInclude Include="StldWindPressureBeamMgr.h">
      <Filter>StaticLoad\WindPressure\Beam</Filter>
    </ClInclude>
    <ClInclude Include="StldWindPressureAreaDlg_CH2001.h">
      <Filter>StaticLoad\WindPressure\Area\AreaCode</Filter>
    </ClInclude>
    <ClInclude Include="StldWindPressureAreaDlg_CH2001_PulsMag.h">
      <Filter>StaticLoad\WindPressure\Area\AreaCode</Filter>
    </ClInclude>
    <ClInclude Include="StldWindPressureAreaDlg_CH2012.h">
      <Filter>StaticLoad\WindPressure\Area\AreaCode</Filter>
    </ClInclude>
    <ClInclude Include="StldWindPressureAreaDlg_CH_Period.h">
      <Filter>StaticLoad\WindPressure\Area\AreaCode</Filter>
    </ClInclude>
    <ClInclude Include="StldWindPressureAreaDlg_KBC2009.h">
      <Filter>StaticLoad\WindPressure\Area\AreaCode</Filter>
    </ClInclude>
    <ClInclude Include="StldWindPressureAreaDlg_KBC2009_GustF.h">
      <Filter>StaticLoad\WindPressure\Area\AreaCode</Filter>
    </ClInclude>
    <ClInclude Include="StldWindPressureAreaDlg.h">
      <Filter>StaticLoad\WindPressure\Area</Filter>
    </ClInclude>
    <ClInclude Include="StldWindPressureAreaMgr.h">
      <Filter>StaticLoad\WindPressure\Area</Filter>
    </ClInclude>
    <ClInclude Include="StldWindPressureFuncDlg.h">
      <Filter>StaticLoad\WindPressure\Func</Filter>
    </ClInclude>
    <ClInclude Include="StldLaplDlg.h">
      <Filter>StaticLoad</Filter>
    </ClInclude>
    <ClInclude Include="StldWindPressureAreaDlg_CH2012_CrossTorsion.h">
      <Filter>StaticLoad\WindPressure\Area\AreaCode</Filter>
    </ClInclude>
    <ClInclude Include="StldWindPressureAreaDlg_KBC2009_FrcCoefAuto.h">
      <Filter>StaticLoad\WindPressure\Area\AreaCode</Filter>
    </ClInclude>
    <ClInclude Include="ServiceAgencyTreemenu.h" />
    <ClInclude Include="ServiceDefTreemenu.h" />
    <ClInclude Include="StldWindPressureNodalMgr.h">
      <Filter>StaticLoad\WindPressure\Nodal</Filter>
    </ClInclude>
    <ClInclude Include="StldWindPressureNodalDlg.h">
      <Filter>StaticLoad\WindPressure\Nodal</Filter>
    </ClInclude>
    <ClInclude Include="StldWindPressureNodalDlg_CH2001.h">
      <Filter>StaticLoad\WindPressure\Nodal\NodalCode</Filter>
    </ClInclude>
    <ClInclude Include="StldWindPressureNodalDlg_CH2012.h">
      <Filter>StaticLoad\WindPressure\Nodal\NodalCode</Filter>
    </ClInclude>
    <ClInclude Include="StldWindPressureNodalDlg_KBC2009.h">
      <Filter>StaticLoad\WindPressure\Nodal\NodalCode</Filter>
    </ClInclude>
    <ClInclude Include="StldWindPressureNodalDlg_StructureType.h">
      <Filter>StaticLoad\WindPressure\Nodal\NodalCode</Filter>
    </ClInclude>
    <ClInclude Include="ElemPlateReduFactorDlg.h">
      <Filter>Element</Filter>
    </ClInclude>
    <ClInclude Include="StructEBeamDlg.h">
      <Filter>Mushroom Construction</Filter>
    </ClInclude>
    <ClInclude Include="StructStripDlg.h">
      <Filter>Mushroom Construction</Filter>
    </ClInclude>
    <ClInclude Include="ElemEBeamCreateDlg.h">
      <Filter>Mushroom Construction</Filter>
    </ClInclude>
    <ClInclude Include="StripAssignDlg.h">
      <Filter>Mushroom Construction</Filter>
    </ClInclude>
    <ClInclude Include="StructColmCapDlg.h">
      <Filter>Mushroom Construction</Filter>
    </ClInclude>
    <ClInclude Include="StructDropPanelDlg.h">
      <Filter>Mushroom Construction</Filter>
    </ClInclude>
    <ClInclude Include="ColmCapAssignDlg.h">
      <Filter>Mushroom Construction</Filter>
    </ClInclude>
    <ClInclude Include="DropPanelAssignDlg.h">
      <Filter>Mushroom Construction</Filter>
    </ClInclude>
    <ClInclude Include="SectForResultantForceDlg.h">
      <Filter>Element</Filter>
    </ClInclude>
    <ClInclude Include="SectRForcGrid.h">
      <Filter>Element</Filter>
    </ClInclude>
    <ClInclude Include="SectRVbemGrid.h">
      <Filter>Element</Filter>
    </ClInclude>
    <ClInclude Include="ElemParamChangeRefVecDlg.h" />
    <ClInclude Include="ModifyColmLocDlg.h">
      <Filter>Mesh</Filter>
    </ClInclude>
    <ClInclude Include="ModifyColmLocPage.h">
      <Filter>Mesh</Filter>
    </ClInclude>
    <ClInclude Include="BndrNsprCalcDlg.h">
      <Filter>Boundary</Filter>
    </ClInclude>
    <ClInclude Include="BndrSsprCalcDlg.h">
      <Filter>Boundary</Filter>
    </ClInclude>
    <ClInclude Include="StldBtmpDefCodeProvDlg.h">
      <Filter>StaticLoad</Filter>
    </ClInclude>
    <ClInclude Include="StldBtmpDefCodeProvUtil.h">
      <Filter>StaticLoad</Filter>
    </ClInclude>
    <ClInclude Include="SlabShearReinforce.h">
      <Filter>Mesh</Filter>
    </ClInclude>
    <ClInclude Include="ElemParamSectOffsetDlg.h">
      <Filter>Element</Filter>
    </ClInclude>
    <ClInclude Include="StldWindPressureNodalDlg_KBC2016.h">
      <Filter>StaticLoad\WindPressure\Nodal\NodalCode</Filter>
    </ClInclude>
    <ClInclude Include="StldWindPressureAreaDlg_KBC2016.h">
      <Filter>StaticLoad\WindPressure\Area\AreaCode</Filter>
    </ClInclude>
    <ClInclude Include="StldWindPressureAreaDlg_KBC2016_FrcCoefAuto.h">
      <Filter>StaticLoad\WindPressure\Area\AreaCode</Filter>
    </ClInclude>
    <ClInclude Include="StldWindPressureVibrationDlg.h">
      <Filter>StaticLoad\WindPressure</Filter>
    </ClInclude>
    <ClInclude Include="StldWindPressureStructDlg.h">
      <Filter>StaticLoad\WindPressure</Filter>
    </ClInclude>
    <ClInclude Include="EffectStiffnessGenerate.h" />
    <ClInclude Include="EffectStiffness.h" />
    <ClInclude Include="ResponseDispLoadDlg.h">
      <Filter>ResponseDispLoad</Filter>
    </ClInclude>
    <ClInclude Include="ResponseDispLoadMode1Dlg.h">
      <Filter>ResponseDispLoad</Filter>
    </ClInclude>
    <ClInclude Include="ResponseDispLoadMode2Dlg.h">
      <Filter>ResponseDispLoad</Filter>
    </ClInclude>
    <ClInclude Include="ResponseDispLoadMode3Dlg.h">
      <Filter>ResponseDispLoad</Filter>
    </ClInclude>
    <ClInclude Include="ResponseDispLoadMode4Dlg.h">
      <Filter>ResponseDispLoad</Filter>
    </ClInclude>
    <ClInclude Include="SeisCommonDlg.h">
      <Filter>Seismic Evaluation</Filter>
    </ClInclude>
    <ClInclude Include="SeisCommonSechDlg.h">
      <Filter>Seismic Evaluation</Filter>
    </ClInclude>
    <ClInclude Include="SeisCommonSehkDlg.h">
      <Filter>Seismic Evaluation</Filter>
    </ClInclude>
    <ClInclude Include="TreeSeisCtrl.h">
      <Filter>BarTreeMenu</Filter>
    </ClInclude>
    <ClInclude Include="SeisCommonScmtDlg.h">
      <Filter>Seismic Evaluation</Filter>
    </ClInclude>
    <ClInclude Include="SeisRcMFactorDlg.h">
      <Filter>Seismic Evaluation</Filter>
    </ClInclude>
    <ClInclude Include="SeisMFactorDlg.h">
      <Filter>Seismic Evaluation</Filter>
    </ClInclude>
    <ClInclude Include="SeisStlMFactorDlg.h">
      <Filter>Seismic Evaluation</Filter>
    </ClInclude>
    <ClInclude Include="BndrIelcDlg.h">
      <Filter>Boundary</Filter>
    </ClInclude>
    <ClInclude Include="SeisInfillWallDlg.h">
      <Filter>Seismic Evaluation</Filter>
    </ClInclude>
    <ClInclude Include="SeisInfillWall_ReduceStiffDlg.h">
      <Filter>Seismic Evaluation</Filter>
    </ClInclude>
    <ClInclude Include="SeisInfillStrutAssignDlg.h">
      <Filter>Seismic Evaluation</Filter>
    </ClInclude>
    <ClInclude Include="AutoReport_Gen_CH.h">
      <Filter>Report_Gen_CH</Filter>
    </ClInclude>
    <ClInclude Include="AutoReport_Gen_Mgr.h">
      <Filter>Report_Gen_CH</Filter>
    </ClInclude>
    <ClInclude Include="AutoReport_Gen_CH_CD.h">
      <Filter>Report_Gen_CH</Filter>
    </ClInclude>
    <ClInclude Include="SeisCommonSerdDlg.h">
      <Filter>Seismic Evaluation</Filter>
    </ClInclude>
    <ClInclude Include="SeisMasonryMFactorDlg.h">
      <Filter>Seismic Evaluation</Filter>
    </ClInclude>
    <ClInclude Include="SeisCvlDlg.h">
      <Filter>Seismic Civil</Filter>
    </ClInclude>
    <ClInclude Include="SeisCvlEvalGrupDlg.h">
      <Filter>Seismic Civil</Filter>
    </ClInclude>
    <ClInclude Include="SeisCvlSectEffStiffDlg.h">
      <Filter>Seismic Civil</Filter>
    </ClInclude>
    <ClInclude Include="SeisCvlForceDirDlg.h">
      <Filter>Seismic Civil</Filter>
    </ClInclude>
    <ClInclude Include="SeisCvlForceDirGrid.h">
      <Filter>Seismic Civil</Filter>
    </ClInclude>
    <ClInclude Include="SeisCvlForceDirDlgDrawEditBtn.h">
      <Filter>Seismic Civil</Filter>
    </ClInclude>
    <ClInclude Include="SeisCvl1DElemContourUtil.h">
      <Filter>Seismic Civil</Filter>
    </ClInclude>
    <ClInclude Include="SeisCvlEvalParamDlg.h">
      <Filter>Seismic Civil</Filter>
    </ClInclude>
    <ClInclude Include="SeisCvlMiscDlg.h">
      <Filter>Seismic Civil</Filter>
    </ClInclude>
    <ClInclude Include="StldPresDlg.h">
      <Filter>StaticLoad\Pressure Load</Filter>
    </ClInclude>
    <ClInclude Include="StldPresDlg2.h">
      <Filter>StaticLoad\Pressure Load</Filter>
    </ClInclude>
    <ClInclude Include="StldPresAreaDlg.h">
      <Filter>StaticLoad\Pressure Load</Filter>
    </ClInclude>
    <ClInclude Include="SeisCommonRccmDlg.h">
      <Filter>Seismic Evaluation</Filter>
    </ClInclude>
    <ClInclude Include="SeisCommonPmcmDlg.h">
      <Filter>Seismic Evaluation</Filter>
    </ClInclude>
    <ClInclude Include="SeisXYFactorDlg.h">
      <Filter>Seismic Evaluation</Filter>
    </ClInclude>
    <ClInclude Include="MhtpMaterialDlg.h">
      <Filter>High Temperature</Filter>
    </ClInclude>
    <ClInclude Include="StructHighTemperatureMatLinkDlg.h">
      <Filter>Struct</Filter>
    </ClInclude>
    <ClInclude Include="SeisModifyXYFactorDlg.h">
      <Filter>Seismic Evaluation</Filter>
    </ClInclude>
    <ClInclude Include="StldFipaDlg.h">
      <Filter>StaticLoad\Fire</Filter>
    </ClInclude>
    <ClInclude Include="StldFireDlg.h">
      <Filter>StaticLoad\Fire</Filter>
    </ClInclude>
    <ClInclude Include="StldFssfDlg.h">
      <Filter>StaticLoad\Fire</Filter>
    </ClInclude>
    <ClInclude Include="StldStbkDlg.h">
      <Filter>StaticLoad</Filter>
    </ClInclude>
    <ClInclude Include="StldUlcbDlg.h" />
    <ClInclude Include="StldWindPressureAreaDlg_CH2019.h">
      <Filter>StaticLoad\WindPressure\Area\AreaCode</Filter>
    </ClInclude>
    <ClInclude Include="StldWindPressureAreaDlg_CH2019_CrossTorsion.h">
      <Filter>StaticLoad\WindPressure\Area\AreaCode</Filter>
    </ClInclude>
    <ClInclude Include="StldWindPressureNodalDlg_CH2019.h">
      <Filter>StaticLoad\WindPressure\Nodal\NodalCode</Filter>
    </ClInclude>
    <ClInclude Include="StldEarthPressureSeisDlg.h">
      <Filter>StaticLoad\EarthPressure</Filter>
    </ClInclude>
    <ClInclude Include="StldEarthPressureStaticDlg.h">
      <Filter>StaticLoad\EarthPressure\Static</Filter>
    </ClInclude>
    <ClInclude Include="ElemStiffScaleFactorDlg.h">
      <Filter>Element</Filter>
    </ClInclude>
    <ClInclude Include="StldPresQueryDlg.h">
      <Filter>StaticLoad\Pressure Load</Filter>
    </ClInclude>
    <ClInclude Include="StldWindPressureAreaDlg_KDS2021.h">
      <Filter>StaticLoad\WindPressure\Area\AreaCode</Filter>
    </ClInclude>
    <ClInclude Include="StldWindPressureNodalDlg_KDS2021.h">
      <Filter>StaticLoad\WindPressure\Nodal\NodalCode</Filter>
    </ClInclude>
    <ClInclude Include="StldWindPressureAreaDlg_KDS2021_GustF.h">
      <Filter>StaticLoad\WindPressure\Area\AreaCode</Filter>
    </ClInclude>
    <ClInclude Include="StldCnldTypeDlg.h">
      <Filter>StaticLoad</Filter>
    </ClInclude>
    <ClInclude Include="TreeNumDetTargetDlg.h" />
    <ClInclude Include="AutoReport_Gen_CH_STL.h">
      <Filter>Report_Gen_CH</Filter>
    </ClInclude>
    <ClInclude Include="AutoReport_Gen_CH_POOL.h">
      <Filter>Report_Gen_CH</Filter>
    </ClInclude>
    <ClInclude Include="AutoReport_Gen_CH_SUBWAY.h">
      <Filter>Report_Gen_CH</Filter>
    </ClInclude>
    <ClInclude Include="AutoReport_Gen_CH_PIPE.h">
      <Filter>Report_Gen_CH</Filter>
    </ClInclude>
    <ClInclude Include="BndrReltDlg.h">
      <Filter>Boundary</Filter>
    </ClInclude>
    <ClInclude Include="LinkRenumberDlg.h">
      <Filter>Boundary</Filter>
    </ClInclude>
    <ClInclude Include="AutoReport_Gen_CH_ISGB.h">
      <Filter>Report_Gen_CH</Filter>
    </ClInclude>
    <ClInclude Include="SeisCommonSebeDlg.h">
      <Filter>Seismic Performace Design</Filter>
    </ClInclude>
    <ClInclude Include="SeisCommonHlfwDlg.h">
      <Filter>Seismic Performace Design</Filter>
    </ClInclude>
    <ClInclude Include="SeisCommonSecoDlg.h">
      <Filter>Seismic Performace Design</Filter>
    </ClInclude>
    <ClInclude Include="SeisCommonSespDlg.h">
      <Filter>Seismic Performace Design</Filter>
    </ClInclude>
    <ClInclude Include="SeisCommonSewaDlg.h">
      <Filter>Seismic Performace Design</Filter>
    </ClInclude>
    <ClInclude Include="StldWindPressureAreaDlg_ASCE7_16.h">
      <Filter>StaticLoad\WindPressure\Area\AreaCode</Filter>
    </ClInclude>
    <ClInclude Include="StldWindPressureNodalDlg_ASCE7_16.h">
      <Filter>StaticLoad\WindPressure\Nodal\NodalCode</Filter>
    </ClInclude>
    <ClInclude Include="StldWindPressureAreaDlg_ASCE7_16_GustF.h">
      <Filter>StaticLoad\WindPressure\Area\AreaCode</Filter>
    </ClInclude>
    <ClInclude Include="StldPtmpDlg.h">
      <Filter>StaticLoad</Filter>
    </ClInclude>
    <ClInclude Include="AutoReport_Gen_CH_DMGB.h">
      <Filter>Report_Gen_CH</Filter>
    </ClInclude>
    <ClInclude Include="StringDeepCopyCollector.h">
      <Filter>TM_AMR</Filter>
    </ClInclude>
    <ClInclude Include="TreeWorkCtrlNew.h">
      <Filter>BarTreeMenu</Filter>
    </ClInclude>
    <ClInclude Include="SeisCvlJpSetTargetDlg.h">
      <Filter>Seismic Civil JP</Filter>
    </ClInclude>
    <ClInclude Include="SeisCvlJpSetTargetUpperDlg.h">
      <Filter>Seismic Civil JP</Filter>
    </ClInclude>
    <ClInclude Include="BaseDockingView.h" />
    <ClInclude Include="SeisCvlJpSetTargetLowerDlg.h">
      <Filter>Seismic Civil JP</Filter>
    </ClInclude>
    <ClInclude Include="SeisCvlJpSetTargetUserDlg.h">
      <Filter>Seismic Civil JP</Filter>
    </ClInclude>
    <ClInclude Include="SeisCvlJpSetInvestDlg.h">
      <Filter>Seismic Civil JP</Filter>
    </ClInclude>
    <ClInclude Include="SeisCvlJpSetInvestSimdDlg.h">
      <Filter>Seismic Civil JP</Filter>
    </ClInclude>
    <ClInclude Include="SeisCvlJpSetInvestSirdDlg.h">
      <Filter>Seismic Civil JP</Filter>
    </ClInclude>
    <ClInclude Include="SeisCvlJpSetInvestSibdDlg.h">
      <Filter>Seismic Civil JP</Filter>
    </ClInclude>
    <ClInclude Include="SeisCvlJpSetInvestSidpDlg.h">
      <Filter>Seismic Civil JP</Filter>
    </ClInclude>
    <ClInclude Include="SeisCvlJpSetInvestSisrDlg.h">
      <Filter>Seismic Civil JP</Filter>
    </ClInclude>
    <ClInclude Include="SeisCvlJpSetInvestSietDlg.h">
      <Filter>Seismic Civil JP</Filter>
    </ClInclude>
    <ClInclude Include="AutoReport_Gen_CH_APPRAISAL_Civil.h">
      <Filter>Report_Gen_CH</Filter>
    </ClInclude>
    <ClInclude Include="AutoReport_Gen_CH_APPRAISAL_Industry.h">
      <Filter>Report_Gen_CH</Filter>
    </ClInclude>
    <ClInclude Include="AutoReport_Gen_CH_REINFORCE.h">
      <Filter>Report_Gen_CH</Filter>
    </ClInclude>
    <ClInclude Include="PostTensionDrawTendonLineBeamDlg.h">
      <Filter>Post Tension</Filter>
    </ClInclude>
    <ClInclude Include="PostTensionDrawTendonLineDlg.h">
      <Filter>Post Tension</Filter>
    </ClInclude>
    <ClInclude Include="PostTensionTendonElemTranslateDlg.h">
      <Filter>Post Tension</Filter>
    </ClInclude>
    <ClInclude Include="PostTensionTendonElemDeleteDlg.h">
      <Filter>Post Tension</Filter>
    </ClInclude>
    <ClInclude Include="PostTensionTendonElemRenumberDlg.h">
      <Filter>Post Tension</Filter>
    </ClInclude>
    <ClInclude Include="PostTensionDrawTendonLineSlabDlg.h">
      <Filter>Post Tension</Filter>
    </ClInclude>
    <ClInclude Include="DesignStripAutoGenDlg.h">
      <Filter>Post Tension</Filter>
    </ClInclude>
    <ClInclude Include="DesignStripCreateDlg.h">
      <Filter>Post Tension</Filter>
    </ClInclude>
    <ClInclude Include="PostTensionDesignStripDlg.h">
      <Filter>Post Tension</Filter>
    </ClInclude>
    <ClInclude Include="PostTensionTendonProfileMatchDlg.h">
      <Filter>Post Tension</Filter>
    </ClInclude>
    <ClInclude Include="PostTensionTendonProfileDlg.h">
      <Filter>Post Tension</Filter>
    </ClInclude>
    <ClInclude Include="SeisSigrLowerAutoDlg.h">
      <Filter>Seismic Civil JP</Filter>
    </ClInclude>
    <ClInclude Include="StldWindPressureAreaDlg_IS875_2015.h" />
    <ClInclude Include="StldWindPressureNodalDlg_IS875_2015.h" />
    <ClInclude Include="SeisCvlJpSetInvestMethodTimeGrid.h">
      <Filter>Seismic Civil JP</Filter>
    </ClInclude>
    <ClInclude Include="SupportLineCreateDlg.h" />
    <ClInclude Include="DesignStripModifySectionDlg.h" />
  </ItemGroup>
  <ItemGroup>
    <Image Include="res\bitmap1.bmp">
      <Filter>Resource Files</Filter>
    </Image>
    <Image Include="res\bitmap1_cvl.bmp">
      <Filter>Resource Files</Filter>
    </Image>
    <Image Include="res\bitmap1_igen.bmp">
      <Filter>Resource Files</Filter>
    </Image>
    <Image Include="res\bitmap2.bmp">
      <Filter>Resource Files</Filter>
    </Image>
    <Image Include="res\bitmap4.bmp">
      <Filter>Resource Files</Filter>
    </Image>
    <Image Include="res\bitmap4_cvl.bmp">
      <Filter>Resource Files</Filter>
    </Image>
    <Image Include="res\bitmap4_igen.bmp">
      <Filter>Resource Files</Filter>
    </Image>
    <Image Include="res\bitmap5.bmp">
      <Filter>Resource Files</Filter>
    </Image>
    <Image Include="res\bmp00001.bmp">
      <Filter>Resource Files</Filter>
    </Image>
    <Image Include="res\bmp00002.bmp">
      <Filter>Resource Files</Filter>
    </Image>
    <Image Include="res\bmp00003.bmp">
      <Filter>Resource Files</Filter>
    </Image>
    <Image Include="res\bmp00003_cvl.bmp">
      <Filter>Resource Files</Filter>
    </Image>
    <Image Include="res\bmp00003_igen.bmp">
      <Filter>Resource Files</Filter>
    </Image>
    <Image Include="res\bmp00004.bmp">
      <Filter>Resource Files</Filter>
    </Image>
    <Image Include="res\bmp00005.bmp">
      <Filter>Resource Files</Filter>
    </Image>
    <Image Include="res\bmp00006.bmp">
      <Filter>Resource Files</Filter>
    </Image>
    <Image Include="res\bmp00007.bmp">
      <Filter>Resource Files</Filter>
    </Image>
    <Image Include="res\btn_font_bold_24.bmp">
      <Filter>Resource Files</Filter>
    </Image>
    <Image Include="res\btn_font_cent_24.bmp">
      <Filter>Resource Files</Filter>
    </Image>
    <Image Include="res\btn_font_italic_24.bmp">
      <Filter>Resource Files</Filter>
    </Image>
    <Image Include="res\btn_font_left_24.bmp">
      <Filter>Resource Files</Filter>
    </Image>
    <Image Include="res\btn_font_right_24.bmp">
      <Filter>Resource Files</Filter>
    </Image>
    <Image Include="res\btn_font_underline_24.bmp">
      <Filter>Resource Files</Filter>
    </Image>
    <Image Include="res\formview.bmp">
      <Filter>Resource Files</Filter>
    </Image>
    <Image Include="res\Frame.bmp">
      <Filter>Resource Files</Filter>
    </Image>
    <Image Include="res\grouptre.bmp">
      <Filter>Resource Files</Filter>
    </Image>
    <Image Include="res\menuicon.bmp">
      <Filter>Resource Files</Filter>
    </Image>
    <Image Include="res\node_ele.bmp">
      <Filter>Resource Files</Filter>
    </Image>
    <Image Include="res\node_ele_cvl.bmp">
      <Filter>Resource Files</Filter>
    </Image>
    <Image Include="res\node_ele_igen.bmp">
      <Filter>Resource Files</Filter>
    </Image>
    <Image Include="res\Planar(Edge).bmp">
      <Filter>Resource Files</Filter>
    </Image>
    <Image Include="res\Planar(Face).bmp">
      <Filter>Resource Files</Filter>
    </Image>
    <Image Include="res\report_workstree.bmp">
      <Filter>Resource Files</Filter>
    </Image>
    <Image Include="res\report_workstree_cvl.bmp">
      <Filter>Resource Files</Filter>
    </Image>
    <Image Include="res\report_workstree_igen.bmp">
      <Filter>Resource Files</Filter>
    </Image>
    <Image Include="res\Solid(Face).bmp">
      <Filter>Resource Files</Filter>
    </Image>
    <Image Include="res\structur.bmp">
      <Filter>Resource Files</Filter>
    </Image>
    <Image Include="res\structur_igen.bmp">
      <Filter>Resource Files</Filter>
    </Image>
    <Image Include="res\structure_cvl.bmp">
      <Filter>Resource Files</Filter>
    </Image>
    <Image Include="res\tabletre.bmp">
      <Filter>Resource Files</Filter>
    </Image>
    <Image Include="res\tabletre_igen.bmp">
      <Filter>Resource Files</Filter>
    </Image>
    <Image Include="res\tabletree_cvl.bmp">
      <Filter>Resource Files</Filter>
    </Image>
    <Image Include="res\tm_abut.bmp">
      <Filter>Resource Files</Filter>
    </Image>
    <Image Include="res\tm_blt1.bmp">
      <Filter>Resource Files</Filter>
    </Image>
    <Image Include="res\tm_blt2.bmp">
      <Filter>Resource Files</Filter>
    </Image>
    <Image Include="res\tm_blt3.bmp">
      <Filter>Resource Files</Filter>
    </Image>
    <Image Include="res\tm_blt4.bmp">
      <Filter>Resource Files</Filter>
    </Image>
    <Image Include="res\tm_blt5.bmp">
      <Filter>Resource Files</Filter>
    </Image>
    <Image Include="res\tm_blt6.bmp">
      <Filter>Resource Files</Filter>
    </Image>
    <Image Include="res\tm_bmld1.bmp">
      <Filter>Resource Files</Filter>
    </Image>
    <Image Include="res\tm_bmld2.bmp">
      <Filter>Resource Files</Filter>
    </Image>
    <Image Include="res\tm_bmld3.bmp">
      <Filter>Resource Files</Filter>
    </Image>
    <Image Include="res\tm_bmld4.bmp">
      <Filter>Resource Files</Filter>
    </Image>
    <Image Include="res\tm_bmld5.bmp">
      <Filter>Resource Files</Filter>
    </Image>
    <Image Include="res\tm_bmld6.bmp">
      <Filter>Resource Files</Filter>
    </Image>
    <Image Include="res\tm_bmld7.bmp">
      <Filter>Resource Files</Filter>
    </Image>
    <Image Include="res\tm_bmld8.bmp">
      <Filter>Resource Files</Filter>
    </Image>
    <Image Include="res\tm_bmld9.bmp">
      <Filter>Resource Files</Filter>
    </Image>
    <Image Include="res\tm_bndr_abut.bmp">
      <Filter>Resource Files</Filter>
    </Image>
    <Image Include="res\tm_bndr_pile.bmp">
      <Filter>Resource Files</Filter>
    </Image>
    <Image Include="res\tm_bodf.bmp">
      <Filter>Resource Files</Filter>
    </Image>
    <Image Include="res\tm_btmp.bmp">
      <Filter>Resource Files</Filter>
    </Image>
    <Image Include="res\tm_btmp2.bmp">
      <Filter>Resource Files</Filter>
    </Image>
    <Image Include="res\tm_btmp3.bmp">
      <Filter>Resource Files</Filter>
    </Image>
    <Image Include="res\tm_btmp4.bmp">
      <Filter>Resource Files</Filter>
    </Image>
    <Image Include="res\tm_btmp5.bmp">
      <Filter>Resource Files</Filter>
    </Image>
    <Image Include="res\tm_btmp6.bmp">
      <Filter>Resource Files</Filter>
    </Image>
    <Image Include="res\tm_btmp_psc.bmp">
      <Filter>Resource Files</Filter>
    </Image>
    <Image Include="res\tm_cldr1.bmp">
      <Filter>Resource Files</Filter>
    </Image>
    <Image Include="res\tm_cldr2.bmp">
      <Filter>Resource Files</Filter>
    </Image>
    <Image Include="res\tm_cldr3.bmp">
      <Filter>Resource Files</Filter>
    </Image>
    <Image Include="res\tm_cldr4.bmp">
      <Filter>Resource Files</Filter>
    </Image>
    <Image Include="res\tm_cldr5.bmp">
      <Filter>Resource Files</Filter>
    </Image>
    <Image Include="res\tm_cldr6.bmp">
      <Filter>Resource Files</Filter>
    </Image>
    <Image Include="res\tm_cnld.bmp">
      <Filter>Resource Files</Filter>
    </Image>
    <Image Include="res\tm_cons.bmp">
      <Filter>Resource Files</Filter>
    </Image>
    <Image Include="res\tm_curv1.bmp">
      <Filter>Resource Files</Filter>
    </Image>
    <Image Include="res\tm_curv2.bmp">
      <Filter>Resource Files</Filter>
    </Image>
    <Image Include="res\tm_curv3.bmp">
      <Filter>Resource Files</Filter>
    </Image>
    <Image Include="res\tm_curv4.bmp">
      <Filter>Resource Files</Filter>
    </Image>
    <Image Include="res\tm_curv5.bmp">
      <Filter>Resource Files</Filter>
    </Image>
    <Image Include="res\tm_curv6.bmp">
      <Filter>Resource Files</Filter>
    </Image>
    <Image Include="res\tm_curv7.bmp">
      <Filter>Resource Files</Filter>
    </Image>
    <Image Include="res\tm_div1.bmp">
      <Filter>Resource Files</Filter>
    </Image>
    <Image Include="res\tm_div10.bmp">
      <Filter>Resource Files</Filter>
    </Image>
    <Image Include="res\tm_div11.bmp">
      <Filter>Resource Files</Filter>
    </Image>
    <Image Include="res\tm_div12.bmp">
      <Filter>Resource Files</Filter>
    </Image>
    <Image Include="res\tm_div13.bmp">
      <Filter>Resource Files</Filter>
    </Image>
    <Image Include="res\tm_div2.bmp">
      <Filter>Resource Files</Filter>
    </Image>
    <Image Include="res\tm_div3.bmp">
      <Filter>Resource Files</Filter>
    </Image>
    <Image Include="res\tm_div4.bmp">
      <Filter>Resource Files</Filter>
    </Image>
    <Image Include="res\tm_div5.bmp">
      <Filter>Resource Files</Filter>
    </Image>
    <Image Include="res\tm_div6.bmp">
      <Filter>Resource Files</Filter>
    </Image>
    <Image Include="res\tm_div7.bmp">
      <Filter>Resource Files</Filter>
    </Image>
    <Image Include="res\tm_div8.bmp">
      <Filter>Resource Files</Filter>
    </Image>
    <Image Include="res\tm_div9.bmp">
      <Filter>Resource Files</Filter>
    </Image>
    <Image Include="res\tm_dmas1.bmp">
      <Filter>Resource Files</Filter>
    </Image>
    <Image Include="res\tm_dmas2.bmp">
      <Filter>Resource Files</Filter>
    </Image>
    <Image Include="res\tm_dmas3.bmp">
      <Filter>Resource Files</Filter>
    </Image>
    <Image Include="res\tm_dmas4.bmp">
      <Filter>Resource Files</Filter>
    </Image>
    <Image Include="res\tm_dmas5.bmp">
      <Filter>Resource Files</Filter>
    </Image>
    <Image Include="res\tm_dmas6.bmp">
      <Filter>Resource Files</Filter>
    </Image>
    <Image Include="res\tm_down.ico">
      <Filter>Resource Files</Filter>
    </Image>
    <Image Include="res\tm_elem1.bmp">
      <Filter>Resource Files</Filter>
    </Image>
    <Image Include="res\tm_elem10.bmp">
      <Filter>Resource Files</Filter>
    </Image>
    <Image Include="res\tm_elem11.bmp">
      <Filter>Resource Files</Filter>
    </Image>
    <Image Include="res\tm_elem12.bmp">
      <Filter>Resource Files</Filter>
    </Image>
    <Image Include="res\tm_elem2.bmp">
      <Filter>Resource Files</Filter>
    </Image>
    <Image Include="res\tm_elem3.bmp">
      <Filter>Resource Files</Filter>
    </Image>
    <Image Include="res\tm_elem4.bmp">
      <Filter>Resource Files</Filter>
    </Image>
    <Image Include="res\tm_elem5.bmp">
      <Filter>Resource Files</Filter>
    </Image>
    <Image Include="res\tm_elem6.bmp">
      <Filter>Resource Files</Filter>
    </Image>
    <Image Include="res\tm_elem7.bmp">
      <Filter>Resource Files</Filter>
    </Image>
    <Image Include="res\tm_elem8.bmp">
      <Filter>Resource Files</Filter>
    </Image>
    <Image Include="res\tm_elem9.bmp">
      <Filter>Resource Files</Filter>
    </Image>
    <Image Include="res\tm_elnk.bmp">
      <Filter>Resource Files</Filter>
    </Image>
    <Image Include="res\tm_ewsf.bmp">
      <Filter>Resource Files</Filter>
    </Image>
    <Image Include="res\tm_fbl_o.bmp">
      <Filter>Resource Files</Filter>
    </Image>
    <Image Include="res\tm_fbl_polycent.bmp">
      <Filter>Resource Files</Filter>
    </Image>
    <Image Include="res\tm_fbl_polyleng.bmp">
      <Filter>Resource Files</Filter>
    </Image>
    <Image Include="res\tm_fbl_t.bmp">
      <Filter>Resource Files</Filter>
    </Image>
    <Image Include="res\tm_fmld_env.bmp">
      <Filter>Resource Files</Filter>
    </Image>
    <Image Include="res\tm_fmld_fill.bmp">
      <Filter>Resource Files</Filter>
    </Image>
    <Image Include="res\tm_fmld_range.bmp">
      <Filter>Resource Files</Filter>
    </Image>
    <Image Include="res\tm_fmld_sur.bmp">
      <Filter>Resource Files</Filter>
    </Image>
    <Image Include="res\tm_frls.bmp">
      <Filter>Resource Files</Filter>
    </Image>
    <Image Include="res\tm_gr1.bmp">
      <Filter>Resource Files</Filter>
    </Image>
    <Image Include="res\tm_gr2.bmp">
      <Filter>Resource Files</Filter>
    </Image>
    <Image Include="res\tm_gr3.bmp">
      <Filter>Resource Files</Filter>
    </Image>
    <Image Include="res\tm_gr4.bmp">
      <Filter>Resource Files</Filter>
    </Image>
    <Image Include="res\tm_gr5.bmp">
      <Filter>Resource Files</Filter>
    </Image>
    <Image Include="res\tm_gr6.bmp">
      <Filter>Resource Files</Filter>
    </Image>
    <Image Include="res\tm_gr7.bmp">
      <Filter>Resource Files</Filter>
    </Image>
    <Image Include="res\tm_gr8.bmp">
      <Filter>Resource Files</Filter>
    </Image>
    <Image Include="res\tm_gr9.bmp">
      <Filter>Resource Files</Filter>
    </Image>
    <Image Include="res\tm_gtmp0.bmp">
      <Filter>Resource Files</Filter>
    </Image>
    <Image Include="res\tm_gtmp1.bmp">
      <Filter>Resource Files</Filter>
    </Image>
    <Image Include="res\tm_hprs0.bmp">
      <Filter>Resource Files</Filter>
    </Image>
    <Image Include="res\tm_hprs1.bmp">
      <Filter>Resource Files</Filter>
    </Image>
    <Image Include="res\tm_hprs2.bmp">
      <Filter>Resource Files</Filter>
    </Image>
    <Image Include="res\tm_hprs3.bmp">
      <Filter>Resource Files</Filter>
    </Image>
    <Image Include="res\tm_hprs4.bmp">
      <Filter>Resource Files</Filter>
    </Image>
    <Image Include="res\tm_hprs5.bmp">
      <Filter>Resource Files</Filter>
    </Image>
    <Image Include="res\tm_hprs6.bmp">
      <Filter>Resource Files</Filter>
    </Image>
    <Image Include="res\tm_lt1.bmp">
      <Filter>Resource Files</Filter>
    </Image>
    <Image Include="res\tm_lt2.bmp">
      <Filter>Resource Files</Filter>
    </Image>
    <Image Include="res\tm_lt3.bmp">
      <Filter>Resource Files</Filter>
    </Image>
    <Image Include="res\tm_lt4.bmp">
      <Filter>Resource Files</Filter>
    </Image>
    <Image Include="res\tm_lt5.bmp">
      <Filter>Resource Files</Filter>
    </Image>
    <Image Include="res\tm_lt6.bmp">
      <Filter>Resource Files</Filter>
    </Image>
    <Image Include="res\tm_nlnk2.bmp">
      <Filter>Resource Files</Filter>
    </Image>
    <Image Include="res\tm_nlnk3.bmp">
      <Filter>Resource Files</Filter>
    </Image>
    <Image Include="res\tm_nmas.bmp">
      <Filter>Resource Files</Filter>
    </Image>
    <Image Include="res\tm_nprj1.bmp">
      <Filter>Resource Files</Filter>
    </Image>
    <Image Include="res\tm_nprj2.bmp">
      <Filter>Resource Files</Filter>
    </Image>
    <Image Include="res\tm_nprj3.bmp">
      <Filter>Resource Files</Filter>
    </Image>
    <Image Include="res\tm_nprj4.bmp">
      <Filter>Resource Files</Filter>
    </Image>
    <Image Include="res\tm_nprj5.bmp">
      <Filter>Resource Files</Filter>
    </Image>
    <Image Include="res\tm_nprj6.bmp">
      <Filter>Resource Files</Filter>
    </Image>
    <Image Include="res\tm_nprj7.bmp">
      <Filter>Resource Files</Filter>
    </Image>
    <Image Include="res\tm_nprj8.bmp">
      <Filter>Resource Files</Filter>
    </Image>
    <Image Include="res\tm_nspr.bmp">
      <Filter>Resource Files</Filter>
    </Image>
    <Image Include="res\tm_nspr_comp.bmp">
      <Filter>Resource Files</Filter>
    </Image>
    <Image Include="res\tm_nspr_sym.bmp">
      <Filter>Resource Files</Filter>
    </Image>
    <Image Include="res\tm_nspr_sym_r.bmp">
      <Filter>Resource Files</Filter>
    </Image>
    <Image Include="res\tm_nspr_unsym.bmp">
      <Filter>Resource Files</Filter>
    </Image>
    <Image Include="res\tm_nspr_unsym_r.bmp">
      <Filter>Resource Files</Filter>
    </Image>
    <Image Include="res\tm_nspr_vec.bmp">
      <Filter>Resource Files</Filter>
    </Image>
    <Image Include="res\tm_offs.bmp">
      <Filter>Resource Files</Filter>
    </Image>
    <Image Include="res\tm_pile.bmp">
      <Filter>Resource Files</Filter>
    </Image>
    <Image Include="res\tm_pilegen.bmp">
      <Filter>Resource Files</Filter>
    </Image>
    <Image Include="res\tm_pres1.bmp">
      <Filter>Resource Files</Filter>
    </Image>
    <Image Include="res\tm_pres2.bmp">
      <Filter>Resource Files</Filter>
    </Image>
    <Image Include="res\tm_pres3.bmp">
      <Filter>Resource Files</Filter>
    </Image>
    <Image Include="res\tm_pres4.bmp">
      <Filter>Resource Files</Filter>
    </Image>
    <Image Include="res\tm_pres5.bmp">
      <Filter>Resource Files</Filter>
    </Image>
    <Image Include="res\tm_pres6.bmp">
      <Filter>Resource Files</Filter>
    </Image>
    <Image Include="res\tm_prls.bmp">
      <Filter>Resource Files</Filter>
    </Image>
    <Image Include="res\tm_prst.bmp">
      <Filter>Resource Files</Filter>
    </Image>
    <Image Include="res\tm_renum.bmp">
      <Filter>Resource Files</Filter>
    </Image>
    <Image Include="res\tm_rigd.bmp">
      <Filter>Resource Files</Filter>
    </Image>
    <Image Include="res\tm_sdsp.bmp">
      <Filter>Resource Files</Filter>
    </Image>
    <Image Include="res\tm_skew1.bmp">
      <Filter>Resource Files</Filter>
    </Image>
    <Image Include="res\tm_skew2.bmp">
      <Filter>Resource Files</Filter>
    </Image>
    <Image Include="res\tm_skew3.bmp">
      <Filter>Resource Files</Filter>
    </Image>
    <Image Include="res\tm_soil1.bmp">
      <Filter>Resource Files</Filter>
    </Image>
    <Image Include="res\tm_soil2.bmp">
      <Filter>Resource Files</Filter>
    </Image>
    <Image Include="res\tm_sosp.bmp">
      <Filter>Resource Files</Filter>
    </Image>
    <Image Include="res\tm_swib.bmp">
      <Filter>Resource Files</Filter>
    </Image>
    <Image Include="res\tm_table_style1_24.bmp">
      <Filter>Resource Files</Filter>
    </Image>
    <Image Include="res\tm_table_style2_24.bmp">
      <Filter>Resource Files</Filter>
    </Image>
    <Image Include="res\tm_table_style3_24.bmp">
      <Filter>Resource Files</Filter>
    </Image>
    <Image Include="res\tm_table_style4_24.bmp">
      <Filter>Resource Files</Filter>
    </Image>
    <Image Include="res\tm_tpsg.bmp">
      <Filter>Resource Files</Filter>
    </Image>
    <Image Include="res\tm_up.ico">
      <Filter>Resource Files</Filter>
    </Image>
    <Image Include="res\tmNewDgn.bmp">
      <Filter>Resource Files</Filter>
    </Image>
    <Image Include="res\tmNewDgn_cvl.bmp">
      <Filter>Resource Files</Filter>
    </Image>
    <Image Include="res\tmNewDgn_igen.bmp">
      <Filter>Resource Files</Filter>
    </Image>
    <Image Include="res\treemenu.bmp">
      <Filter>Resource Files</Filter>
    </Image>
    <Image Include="res\treemenu2.bmp">
      <Filter>Resource Files</Filter>
    </Image>
    <Image Include="res\TreeMenu3.bmp">
      <Filter>Resource Files</Filter>
    </Image>
    <Image Include="res\TreeMenu3_cvl.bmp">
      <Filter>Resource Files</Filter>
    </Image>
    <Image Include="res\TreeMenu4.bmp">
      <Filter>Resource Files</Filter>
    </Image>
    <Image Include="res\TreeMenu4_cvl.bmp">
      <Filter>Resource Files</Filter>
    </Image>
    <Image Include="res\TreeMenu4_igen.bmp">
      <Filter>Resource Files</Filter>
    </Image>
    <Image Include="res\treemenuByHyun.bmp">
      <Filter>Resource Files</Filter>
    </Image>
    <Image Include="res\treemenuByHyun_cvl.bmp">
      <Filter>Resource Files</Filter>
    </Image>
    <Image Include="res\treemenuByHyun_igen.bmp">
      <Filter>Resource Files</Filter>
    </Image>
    <Image Include="res\worktree.bmp">
      <Filter>Resource Files</Filter>
    </Image>
    <Image Include="res\worktree_cvl.bmp">
      <Filter>Resource Files</Filter>
    </Image>
    <Image Include="res\worktree_igen.bmp">
      <Filter>Resource Files</Filter>
    </Image>
    <Image Include="res\드로잉1(1).bmp">
      <Filter>Resource Files</Filter>
    </Image>
    <Image Include="res\bitmap7.bmp">
      <Filter>Resource Files</Filter>
    </Image>
    <Image Include="res\bitmap8.bmp">
      <Filter>Resource Files</Filter>
    </Image>
    <Image Include="res\bitmap9.bmp">
      <Filter>Resource Files</Filter>
    </Image>
    <Image Include="res\tm_opening_window_s.bmp">
      <Filter>Resource Files</Filter>
    </Image>
    <Image Include="res\tm_openi.bmp">
      <Filter>Resource Files</Filter>
    </Image>
    <Image Include="res\bmp00008.bmp">
      <Filter>Resource Files</Filter>
    </Image>
    <Image Include="res\tm_opening_window_s1.bmp">
      <Filter>Resource Files</Filter>
    </Image>
    <Image Include="res\tm_opening_window_s2.bmp">
      <Filter>Resource Files</Filter>
    </Image>
    <Image Include="res\nodalWindPressure_structure.bmp">
      <Filter>Resource Files</Filter>
    </Image>
    <Image Include="res\tm_skew4.bmp">
      <Filter>Resource Files</Filter>
    </Image>
    <Image Include="res\suppile.bmp">
      <Filter>Resource Files</Filter>
    </Image>
    <Image Include="tm_tpsg.bmp">
      <Filter>Resource Files</Filter>
    </Image>
    <Image Include="res\suppile_JGJ.bmp">
      <Filter>Resource Files</Filter>
    </Image>
    <Image Include="res\suppile_value.bmp">
      <Filter>Resource Files</Filter>
    </Image>
    <Image Include="res\suppsoil.bmp">
      <Filter>Resource Files</Filter>
    </Image>
    <Image Include="res\DefCodeProvSnip.bmp">
      <Filter>Resource Files</Filter>
    </Image>
    <Image Include="res\SlabShearReinfor.bmp">
      <Filter>Resource Files</Filter>
    </Image>
    <Image Include="res\TreeMenu3_igen.bmp">
      <Filter>Resource Files</Filter>
    </Image>
    <Image Include="res\Works Tree_Seismic_16.bmp">
      <Filter>Resource Files</Filter>
    </Image>
    <Image Include="res\DefCodeProvJTGD60_2015_PSC.bmp">
      <Filter>Resource Files</Filter>
    </Image>
    <Image Include="res\DefCodeProvJTGD60_2015_COMP.bmp">
      <Filter>Resource Files</Filter>
    </Image>
    <Image Include="res\tm_pres7.bmp">
      <Filter>Resource Files</Filter>
    </Image>
    <Image Include="res\DefCodeProvJTGD60_2015_PSC_US.bmp">
      <Filter>Resource Files</Filter>
    </Image>
    <Image Include="res\DefCodeProvJTGD60_2015_COMP_US.bmp">
      <Filter>Resource Files</Filter>
    </Image>
    <Image Include="res\DefCodeProvJTGD60_2015_COMP_US.bmp">
      <Filter>Resource Files</Filter>
    </Image>
    <Image Include="res\bitmap14.bmp">
      <Filter>Resource Files</Filter>
    </Image>
    <Image Include="res\bitmap15.bmp">
      <Filter>Resource Files</Filter>
    </Image>
    <Image Include="res\DefCodeProvIRC6_2017_PSC.bmp">
      <Filter>Resource Files</Filter>
    </Image>
    <Image Include="res\DefCodeProvIRC6_2017_STLCOMP.bmp">
      <Filter>Resource Files</Filter>
    </Image>
    <Image Include="res\tm_offs_symm.bmp">
      <Filter>Resource Files</Filter>
    </Image>
    <Image Include="res\tm_offs_asym.bmp">
      <Filter>Resource Files</Filter>
    </Image>
    <Image Include="res\DefCodeProvAASHTO_Com_Positive.bmp">
      <Filter>Resource Files</Filter>
    </Image>
    <Image Include="res\DefCodeProvAASHTO_Com_Negative.bmp">
      <Filter>Resource Files</Filter>
    </Image>
    <Image Include="res\DefCodeProvAASHTO_PSC_Positive.bmp">
      <Filter>Resource Files</Filter>
    </Image>
    <Image Include="res\DefCodeProvAASHTO_PSC_Negative.bmp">
      <Filter>Resource Files</Filter>
    </Image>
    <Image Include="res\DefCodeProvEuro_Com_Nomal_Heat.bmp">
      <Filter>Resource Files</Filter>
    </Image>
    <Image Include="res\DefCodeProvEuro_Com_Nomal_Cool.bmp">
      <Filter>Resource Files</Filter>
    </Image>
    <Image Include="res\DefCodeProvEuro_Com_Simple_Heat.bmp">
      <Filter>Resource Files</Filter>
    </Image>
    <Image Include="res\DefCodeProvEuro_PSC_Heat.bmp">
      <Filter>Resource Files</Filter>
    </Image>
    <Image Include="res\DefCodeProvEuro_PSC_Cool.bmp">
      <Filter>Resource Files</Filter>
    </Image>
    <Image Include="res\DefCodeProvAS_PSC_Basic.bmp">
      <Filter>Resource Files</Filter>
    </Image>
    <Image Include="res\DefCodeProvAS_PSC_Box.bmp">
      <Filter>Resource Files</Filter>
    </Image>
    <Image Include="res\DefCodeProvAS_Com_Box.bmp">
      <Filter>Resource Files</Filter>
    </Image>
    <Image Include="res\DefCodeProvAS_Com_I.bmp">
      <Filter>Resource Files</Filter>
    </Image>
    <Image Include="res\DefCodeProvAS_PSC_Basic_Positive.bmp">
      <Filter>Resource Files</Filter>
    </Image>
    <Image Include="res\DefCodeProvAS_PSC_Basic_Negative.bmp">
      <Filter>Resource Files</Filter>
    </Image>
    <Image Include="res\DefCodeProvAS_Com_Basic_Positive.bmp">
      <Filter>Resource Files</Filter>
    </Image>
    <Image Include="res\DefCodeProvAS_Com_Basic_Negative.bmp">
      <Filter>Resource Files</Filter>
    </Image>
    <Image Include="res\DefCodeProvEuro_Com_Simple_Cool.bmp">
      <Filter>Resource Files</Filter>
    </Image>
  </ItemGroup>
  <ItemGroup>
    <ResourceCompile Include="wgnx_treemenu.rc">
      <Filter>Resource</Filter>
    </ResourceCompile>
  </ItemGroup>
  <ItemGroup>
    <Text Include="AddClass.txt" />
    <Text Include="Comment.txt" />
    <Text Include="ReadMe.txt" />
    <Text Include="wgtreemenu_ProjectName.txt">
      <Filter>Resource</Filter>
    </Text>
  </ItemGroup>
  <ItemGroup>
    <CustomBuild Include="wg_treemenu.def">
      <Filter>Source Files</Filter>
    </CustomBuild>
    <CustomBuild Include="res\cur_ass.cur">
      <Filter>Resource Files</Filter>
    </CustomBuild>
    <CustomBuild Include="res\curnoass.cur">
      <Filter>Resource Files</Filter>
    </CustomBuild>
    <CustomBuild Include="res\wg_treemenu.rc2">
      <Filter>Resource</Filter>
    </CustomBuild>
  </ItemGroup>
</Project>